# This is a Gradle generated file for dependency locking.
# Manual edits can break the build and are not advised.
# This file is expected to be part of source control.
# To regenerate this file, run: ./gradlew :benchmark:dependencies --write-locks
androidx.annotation:annotation-experimental:1.4.1=minifiedCompileClasspath,minifiedRuntimeClasspath,nonMinifiedCompileClasspath,nonMinifiedRuntimeClasspath
androidx.annotation:annotation-jvm:1.8.1=minifiedCompileClasspath,minifiedRuntimeClasspath,nonMinifiedCompileClasspath,nonMinifiedRuntimeClasspath
androidx.annotation:annotation:1.8.1=minifiedCompileClasspath,minifiedRuntimeClasspath,nonMinifiedCompileClasspath,nonMinifiedRuntimeClasspath
androidx.arch.core:core-common:2.1.0=minifiedRuntimeClasspath,nonMinifiedRuntimeClasspath
androidx.arch.core:core-runtime:2.1.0=minifiedRuntimeClasspath,nonMinifiedRuntimeClasspath
androidx.benchmark:benchmark-common:1.5.0-rc01=minifiedCompileClasspath,minifiedRuntimeClasspath,nonMinifiedCompileClasspath,nonMinifiedRuntimeClasspath
androidx.benchmark:benchmark-macro-junit4:1.5.0-rc01=minifiedCompileClasspath,minifiedRuntimeClasspath,nonMinifiedCompileClasspath,nonMinifiedRuntimeClasspath
androidx.benchmark:benchmark-macro:1.5.0-rc01=minifiedCompileClasspath,minifiedRuntimeClasspath,nonMinifiedCompileClasspath,nonMinifiedRuntimeClasspath
androidx.benchmark:benchmark-traceprocessor-android:1.5.0-rc01=minifiedCompileClasspath,minifiedRuntimeClasspath,nonMinifiedCompileClasspath,nonMinifiedRuntimeClasspath
androidx.benchmark:benchmark-traceprocessor:1.5.0-rc01=minifiedCompileClasspath,minifiedRuntimeClasspath,nonMinifiedCompileClasspath,nonMinifiedRuntimeClasspath
androidx.collection:collection:1.0.0=minifiedRuntimeClasspath,nonMinifiedRuntimeClasspath
androidx.concurrent:concurrent-futures-ktx:1.2.0=minifiedCompileClasspath,minifiedRuntimeClasspath,nonMinifiedCompileClasspath,nonMinifiedRuntimeClasspath
androidx.concurrent:concurrent-futures:1.2.0=minifiedCompileClasspath,minifiedRuntimeClasspath,nonMinifiedCompileClasspath,nonMinifiedRuntimeClasspath
androidx.core:core:1.9.0=minifiedRuntimeClasspath,nonMinifiedRuntimeClasspath
androidx.lifecycle:lifecycle-common:2.3.1=minifiedCompileClasspath,minifiedRuntimeClasspath,nonMinifiedCompileClasspath,nonMinifiedRuntimeClasspath
androidx.lifecycle:lifecycle-runtime:2.3.1=minifiedRuntimeClasspath,nonMinifiedRuntimeClasspath
androidx.profileinstaller:profileinstaller:1.4.1=minifiedRuntimeClasspath,nonMinifiedRuntimeClasspath
androidx.startup:startup-runtime:1.1.1=minifiedRuntimeClasspath,nonMinifiedRuntimeClasspath
androidx.test.ext:junit:1.3.0=minifiedCompileClasspath,minifiedRuntimeClasspath,nonMinifiedCompileClasspath,nonMinifiedRuntimeClasspath
androidx.test.services:storage:1.6.0=minifiedCompileClasspath,minifiedRuntimeClasspath,nonMinifiedCompileClasspath,nonMinifiedRuntimeClasspath
androidx.test.uiautomator:uiautomator-shell-android:2.4.0=minifiedRuntimeClasspath,nonMinifiedRuntimeClasspath
androidx.test.uiautomator:uiautomator-shell:2.4.0=minifiedRuntimeClasspath,nonMinifiedRuntimeClasspath
androidx.test.uiautomator:uiautomator:2.4.0=minifiedCompileClasspath,minifiedRuntimeClasspath,nonMinifiedCompileClasspath,nonMinifiedRuntimeClasspath
androidx.test:annotation:1.0.1=minifiedRuntimeClasspath,nonMinifiedRuntimeClasspath
androidx.test:core:1.7.0=minifiedCompileClasspath,minifiedRuntimeClasspath,nonMinifiedCompileClasspath,nonMinifiedRuntimeClasspath
androidx.test:monitor:1.8.0=minifiedCompileClasspath,minifiedRuntimeClasspath,nonMinifiedCompileClasspath,nonMinifiedRuntimeClasspath
androidx.test:rules:1.5.0=minifiedRuntimeClasspath,nonMinifiedRuntimeClasspath
androidx.test:runner:1.7.0=minifiedCompileClasspath,minifiedRuntimeClasspath,nonMinifiedCompileClasspath,nonMinifiedRuntimeClasspath
androidx.tracing:tracing-ktx:1.1.0=minifiedRuntimeClasspath,nonMinifiedRuntimeClasspath
androidx.tracing:tracing-perfetto-binary:1.0.1=minifiedRuntimeClasspath,nonMinifiedRuntimeClasspath
androidx.tracing:tracing-perfetto-handshake:1.0.1=minifiedRuntimeClasspath,nonMinifiedRuntimeClasspath
androidx.tracing:tracing-perfetto:1.0.1=minifiedRuntimeClasspath,nonMinifiedRuntimeClasspath
androidx.tracing:tracing:1.1.0=minifiedCompileClasspath,minifiedRuntimeClasspath,nonMinifiedCompileClasspath,nonMinifiedRuntimeClasspath
androidx.versionedparcelable:versionedparcelable:1.1.1=minifiedRuntimeClasspath,nonMinifiedRuntimeClasspath
com.google.guava:listenablefuture:1.0=minifiedCompileClasspath,minifiedRuntimeClasspath,nonMinifiedCompileClasspath,nonMinifiedRuntimeClasspath
com.squareup.moshi:moshi:1.13.0=minifiedRuntimeClasspath,nonMinifiedRuntimeClasspath
com.squareup.okio:okio-jvm:3.17.0=minifiedCompileClasspath,minifiedRuntimeClasspath,nonMinifiedCompileClasspath,nonMinifiedRuntimeClasspath
com.squareup.okio:okio:3.17.0=minifiedCompileClasspath,minifiedRuntimeClasspath,nonMinifiedCompileClasspath,nonMinifiedRuntimeClasspath
com.squareup.wire:wire-runtime-jvm:6.4.0=minifiedCompileClasspath,minifiedRuntimeClasspath,nonMinifiedCompileClasspath,nonMinifiedRuntimeClasspath
com.squareup.wire:wire-runtime:6.4.0=minifiedCompileClasspath,minifiedRuntimeClasspath,nonMinifiedCompileClasspath,nonMinifiedRuntimeClasspath
junit:junit:4.13.2=minifiedCompileClasspath,minifiedRuntimeClasspath,nonMinifiedCompileClasspath,nonMinifiedRuntimeClasspath
org.hamcrest:hamcrest-core:1.3=minifiedCompileClasspath,minifiedRuntimeClasspath,nonMinifiedCompileClasspath,nonMinifiedRuntimeClasspath
org.jetbrains.kotlin:kotlin-stdlib-jdk7:1.8.0=minifiedRuntimeClasspath,nonMinifiedRuntimeClasspath
org.jetbrains.kotlin:kotlin-stdlib-jdk8:1.8.0=minifiedRuntimeClasspath,nonMinifiedRuntimeClasspath
org.jetbrains.kotlin:kotlin-stdlib:2.4.10=minifiedCompileClasspath,minifiedRuntimeClasspath,nonMinifiedCompileClasspath,nonMinifiedRuntimeClasspath
org.jetbrains.kotlinx:kotlinx-coroutines-android:1.9.0=minifiedRuntimeClasspath,nonMinifiedRuntimeClasspath
org.jetbrains.kotlinx:kotlinx-coroutines-bom:1.8.1=minifiedCompileClasspath,nonMinifiedCompileClasspath
org.jetbrains.kotlinx:kotlinx-coroutines-bom:1.9.0=minifiedRuntimeClasspath,nonMinifiedRuntimeClasspath
org.jetbrains.kotlinx:kotlinx-coroutines-core-jvm:1.8.1=minifiedCompileClasspath,nonMinifiedCompileClasspath
org.jetbrains.kotlinx:kotlinx-coroutines-core-jvm:1.9.0=minifiedRuntimeClasspath,nonMinifiedRuntimeClasspath
org.jetbrains.kotlinx:kotlinx-coroutines-core:1.8.1=minifiedCompileClasspath,nonMinifiedCompileClasspath
org.jetbrains.kotlinx:kotlinx-coroutines-core:1.9.0=minifiedRuntimeClasspath,nonMinifiedRuntimeClasspath
org.jetbrains:annotations:23.0.0=minifiedCompileClasspath,minifiedRuntimeClasspath,nonMinifiedCompileClasspath,nonMinifiedRuntimeClasspath
org.jspecify:jspecify:1.0.0=minifiedCompileClasspath,minifiedRuntimeClasspath,nonMinifiedCompileClasspath,nonMinifiedRuntimeClasspath
empty=
