# This is a Gradle generated file for dependency locking.
# Manual edits can break the build and are not advised.
# This file is expected to be part of source control.
# To regenerate this file, run: ./gradlew :iosapp:dependencies --write-locks
androidx.annotation:annotation-iosarm64:1.9.1=iosArm64CompileKlibraries,iosArm64TestCompileKlibraries
androidx.annotation:annotation-iossimulatorarm64:1.9.1=iosSimulatorArm64CompileKlibraries,iosSimulatorArm64TestCompileKlibraries
androidx.annotation:annotation:1.9.1=iosArm64CompileKlibraries,iosArm64TestCompileKlibraries,iosSimulatorArm64CompileKlibraries,iosSimulatorArm64TestCompileKlibraries
androidx.collection:collection-iosarm64:1.5.0=iosArm64CompileKlibraries,iosArm64TestCompileKlibraries
androidx.collection:collection-iossimulatorarm64:1.5.0=iosSimulatorArm64CompileKlibraries,iosSimulatorArm64TestCompileKlibraries
androidx.collection:collection:1.5.0=iosArm64CompileKlibraries,iosArm64TestCompileKlibraries,iosSimulatorArm64CompileKlibraries,iosSimulatorArm64TestCompileKlibraries
androidx.compose.runtime:runtime-annotation-iosarm64:1.12.0-rc01=iosArm64CompileKlibraries,iosArm64TestCompileKlibraries
androidx.compose.runtime:runtime-annotation-iossimulatorarm64:1.12.0-rc01=iosSimulatorArm64CompileKlibraries,iosSimulatorArm64TestCompileKlibraries
androidx.compose.runtime:runtime-annotation:1.12.0-rc01=iosArm64CompileKlibraries,iosArm64TestCompileKlibraries,iosSimulatorArm64CompileKlibraries,iosSimulatorArm64TestCompileKlibraries
androidx.compose.runtime:runtime-iosarm64:1.12.0-rc01=iosArm64CompileKlibraries,iosArm64TestCompileKlibraries
androidx.compose.runtime:runtime-iossimulatorarm64:1.12.0-rc01=iosSimulatorArm64CompileKlibraries,iosSimulatorArm64TestCompileKlibraries
androidx.compose.runtime:runtime-retain-iosarm64:1.12.0-rc01=iosArm64CompileKlibraries,iosArm64TestCompileKlibraries
androidx.compose.runtime:runtime-retain-iossimulatorarm64:1.12.0-rc01=iosSimulatorArm64CompileKlibraries,iosSimulatorArm64TestCompileKlibraries
androidx.compose.runtime:runtime-retain:1.12.0-rc01=iosArm64CompileKlibraries,iosArm64TestCompileKlibraries,iosSimulatorArm64CompileKlibraries,iosSimulatorArm64TestCompileKlibraries
androidx.compose.runtime:runtime-saveable-iosarm64:1.12.0-rc01=iosArm64CompileKlibraries,iosArm64TestCompileKlibraries
androidx.compose.runtime:runtime-saveable-iossimulatorarm64:1.12.0-rc01=iosSimulatorArm64CompileKlibraries,iosSimulatorArm64TestCompileKlibraries
androidx.compose.runtime:runtime-saveable:1.12.0-rc01=iosArm64CompileKlibraries,iosArm64TestCompileKlibraries,iosSimulatorArm64CompileKlibraries,iosSimulatorArm64TestCompileKlibraries
androidx.compose.runtime:runtime:1.12.0-rc01=iosArm64CompileKlibraries,iosArm64TestCompileKlibraries,iosSimulatorArm64CompileKlibraries,iosSimulatorArm64TestCompileKlibraries
androidx.datastore:datastore-core-iosarm64:1.2.1=iosArm64CompileKlibraries,iosArm64TestCompileKlibraries
androidx.datastore:datastore-core-iossimulatorarm64:1.2.1=iosSimulatorArm64CompileKlibraries,iosSimulatorArm64TestCompileKlibraries
androidx.datastore:datastore-core-okio-iosarm64:1.2.1=iosArm64CompileKlibraries,iosArm64TestCompileKlibraries
androidx.datastore:datastore-core-okio-iossimulatorarm64:1.2.1=iosSimulatorArm64CompileKlibraries,iosSimulatorArm64TestCompileKlibraries
androidx.datastore:datastore-core-okio:1.2.1=iosArm64CompileKlibraries,iosArm64TestCompileKlibraries,iosSimulatorArm64CompileKlibraries,iosSimulatorArm64TestCompileKlibraries
androidx.datastore:datastore-core:1.2.1=iosArm64CompileKlibraries,iosArm64TestCompileKlibraries,iosSimulatorArm64CompileKlibraries,iosSimulatorArm64TestCompileKlibraries
androidx.datastore:datastore-iosarm64:1.2.1=iosArm64CompileKlibraries,iosArm64TestCompileKlibraries
androidx.datastore:datastore-iossimulatorarm64:1.2.1=iosSimulatorArm64CompileKlibraries,iosSimulatorArm64TestCompileKlibraries
androidx.datastore:datastore-preferences-core-iosarm64:1.2.1=iosArm64CompileKlibraries,iosArm64TestCompileKlibraries
androidx.datastore:datastore-preferences-core-iossimulatorarm64:1.2.1=iosSimulatorArm64CompileKlibraries,iosSimulatorArm64TestCompileKlibraries
androidx.datastore:datastore-preferences-core:1.2.1=iosArm64CompileKlibraries,iosArm64TestCompileKlibraries,iosSimulatorArm64CompileKlibraries,iosSimulatorArm64TestCompileKlibraries
androidx.datastore:datastore-preferences-iosarm64:1.2.1=iosArm64CompileKlibraries,iosArm64TestCompileKlibraries
androidx.datastore:datastore-preferences-iossimulatorarm64:1.2.1=iosSimulatorArm64CompileKlibraries,iosSimulatorArm64TestCompileKlibraries
androidx.datastore:datastore-preferences:1.2.1=iosArm64CompileKlibraries,iosArm64TestCompileKlibraries,iosSimulatorArm64CompileKlibraries,iosSimulatorArm64TestCompileKlibraries
androidx.datastore:datastore:1.2.1=iosArm64CompileKlibraries,iosArm64TestCompileKlibraries,iosSimulatorArm64CompileKlibraries,iosSimulatorArm64TestCompileKlibraries
androidx.graphics:graphics-shapes-iosarm64:1.1.0=iosArm64CompileKlibraries,iosArm64TestCompileKlibraries
androidx.graphics:graphics-shapes-iossimulatorarm64:1.1.0=iosSimulatorArm64CompileKlibraries,iosSimulatorArm64TestCompileKlibraries
androidx.graphics:graphics-shapes:1.1.0=iosArm64CompileKlibraries,iosArm64TestCompileKlibraries,iosSimulatorArm64CompileKlibraries,iosSimulatorArm64TestCompileKlibraries
androidx.lifecycle:lifecycle-common-iosarm64:2.11.0=iosArm64CompileKlibraries,iosArm64TestCompileKlibraries
androidx.lifecycle:lifecycle-common-iossimulatorarm64:2.11.0=iosSimulatorArm64CompileKlibraries,iosSimulatorArm64TestCompileKlibraries
androidx.lifecycle:lifecycle-common:2.11.0=iosArm64CompileKlibraries,iosArm64TestCompileKlibraries,iosSimulatorArm64CompileKlibraries,iosSimulatorArm64TestCompileKlibraries
androidx.lifecycle:lifecycle-runtime-compose-iosarm64:2.11.0=iosArm64CompileKlibraries,iosArm64TestCompileKlibraries
androidx.lifecycle:lifecycle-runtime-compose-iossimulatorarm64:2.11.0=iosSimulatorArm64CompileKlibraries,iosSimulatorArm64TestCompileKlibraries
androidx.lifecycle:lifecycle-runtime-compose:2.11.0=iosArm64CompileKlibraries,iosArm64TestCompileKlibraries,iosSimulatorArm64CompileKlibraries,iosSimulatorArm64TestCompileKlibraries
androidx.lifecycle:lifecycle-runtime-iosarm64:2.11.0=iosArm64CompileKlibraries,iosArm64TestCompileKlibraries
androidx.lifecycle:lifecycle-runtime-iossimulatorarm64:2.11.0=iosSimulatorArm64CompileKlibraries,iosSimulatorArm64TestCompileKlibraries
androidx.lifecycle:lifecycle-runtime:2.11.0=iosArm64CompileKlibraries,iosArm64TestCompileKlibraries,iosSimulatorArm64CompileKlibraries,iosSimulatorArm64TestCompileKlibraries
androidx.lifecycle:lifecycle-viewmodel-compose-iosarm64:2.11.0=iosArm64CompileKlibraries,iosArm64TestCompileKlibraries
androidx.lifecycle:lifecycle-viewmodel-compose-iossimulatorarm64:2.11.0=iosSimulatorArm64CompileKlibraries,iosSimulatorArm64TestCompileKlibraries
androidx.lifecycle:lifecycle-viewmodel-compose:2.11.0=iosArm64CompileKlibraries,iosArm64TestCompileKlibraries,iosSimulatorArm64CompileKlibraries,iosSimulatorArm64TestCompileKlibraries
androidx.lifecycle:lifecycle-viewmodel-iosarm64:2.11.0=iosArm64CompileKlibraries,iosArm64TestCompileKlibraries
androidx.lifecycle:lifecycle-viewmodel-iossimulatorarm64:2.11.0=iosSimulatorArm64CompileKlibraries,iosSimulatorArm64TestCompileKlibraries
androidx.lifecycle:lifecycle-viewmodel-navigation3-iosarm64:2.11.0=iosArm64CompileKlibraries,iosArm64TestCompileKlibraries
androidx.lifecycle:lifecycle-viewmodel-navigation3-iossimulatorarm64:2.11.0=iosSimulatorArm64CompileKlibraries,iosSimulatorArm64TestCompileKlibraries
androidx.lifecycle:lifecycle-viewmodel-navigation3:2.11.0=iosArm64CompileKlibraries,iosArm64TestCompileKlibraries,iosSimulatorArm64CompileKlibraries,iosSimulatorArm64TestCompileKlibraries
androidx.lifecycle:lifecycle-viewmodel-savedstate-iosarm64:2.11.0=iosArm64CompileKlibraries,iosArm64TestCompileKlibraries
androidx.lifecycle:lifecycle-viewmodel-savedstate-iossimulatorarm64:2.11.0=iosSimulatorArm64CompileKlibraries,iosSimulatorArm64TestCompileKlibraries
androidx.lifecycle:lifecycle-viewmodel-savedstate:2.11.0=iosArm64CompileKlibraries,iosArm64TestCompileKlibraries,iosSimulatorArm64CompileKlibraries,iosSimulatorArm64TestCompileKlibraries
androidx.lifecycle:lifecycle-viewmodel:2.11.0=iosArm64CompileKlibraries,iosArm64TestCompileKlibraries,iosSimulatorArm64CompileKlibraries,iosSimulatorArm64TestCompileKlibraries
androidx.navigation3:navigation3-runtime-iosarm64:1.1.4=iosArm64CompileKlibraries,iosArm64TestCompileKlibraries
androidx.navigation3:navigation3-runtime-iossimulatorarm64:1.1.4=iosSimulatorArm64CompileKlibraries,iosSimulatorArm64TestCompileKlibraries
androidx.navigation3:navigation3-runtime:1.1.4=iosArm64CompileKlibraries,iosArm64TestCompileKlibraries,iosSimulatorArm64CompileKlibraries,iosSimulatorArm64TestCompileKlibraries
androidx.navigationevent:navigationevent-compose-iosarm64:1.1.2=iosArm64CompileKlibraries,iosArm64TestCompileKlibraries
androidx.navigationevent:navigationevent-compose-iossimulatorarm64:1.1.2=iosSimulatorArm64CompileKlibraries,iosSimulatorArm64TestCompileKlibraries
androidx.navigationevent:navigationevent-compose:1.1.2=iosArm64CompileKlibraries,iosArm64TestCompileKlibraries,iosSimulatorArm64CompileKlibraries,iosSimulatorArm64TestCompileKlibraries
androidx.navigationevent:navigationevent-iosarm64:1.1.2=iosArm64CompileKlibraries,iosArm64TestCompileKlibraries
androidx.navigationevent:navigationevent-iossimulatorarm64:1.1.2=iosSimulatorArm64CompileKlibraries,iosSimulatorArm64TestCompileKlibraries
androidx.navigationevent:navigationevent:1.1.2=iosArm64CompileKlibraries,iosArm64TestCompileKlibraries,iosSimulatorArm64CompileKlibraries,iosSimulatorArm64TestCompileKlibraries
androidx.paging:paging-common-iosarm64:3.5.0=iosArm64CompileKlibraries,iosArm64TestCompileKlibraries
androidx.paging:paging-common-iossimulatorarm64:3.5.0=iosSimulatorArm64CompileKlibraries,iosSimulatorArm64TestCompileKlibraries
androidx.paging:paging-common:3.5.0=iosArm64CompileKlibraries,iosArm64TestCompileKlibraries,iosSimulatorArm64CompileKlibraries,iosSimulatorArm64TestCompileKlibraries
androidx.paging:paging-compose-iosarm64:3.5.0=iosArm64CompileKlibraries,iosArm64TestCompileKlibraries
androidx.paging:paging-compose-iossimulatorarm64:3.5.0=iosSimulatorArm64CompileKlibraries,iosSimulatorArm64TestCompileKlibraries
androidx.paging:paging-compose:3.5.0=iosArm64CompileKlibraries,iosArm64TestCompileKlibraries,iosSimulatorArm64CompileKlibraries,iosSimulatorArm64TestCompileKlibraries
androidx.room:room-common-iosarm64:2.8.4=iosArm64CompileKlibraries,iosArm64TestCompileKlibraries
androidx.room:room-common-iossimulatorarm64:2.8.4=iosSimulatorArm64CompileKlibraries,iosSimulatorArm64TestCompileKlibraries
androidx.room:room-common:2.8.4=iosArm64CompileKlibraries,iosArm64TestCompileKlibraries,iosSimulatorArm64CompileKlibraries,iosSimulatorArm64TestCompileKlibraries
androidx.room:room-paging-iosarm64:2.8.4=iosArm64CompileKlibraries,iosArm64TestCompileKlibraries
androidx.room:room-paging-iossimulatorarm64:2.8.4=iosSimulatorArm64CompileKlibraries,iosSimulatorArm64TestCompileKlibraries
androidx.room:room-paging:2.8.4=iosArm64CompileKlibraries,iosArm64TestCompileKlibraries,iosSimulatorArm64CompileKlibraries,iosSimulatorArm64TestCompileKlibraries
androidx.room:room-runtime-iosarm64:2.8.4=iosArm64CompileKlibraries,iosArm64TestCompileKlibraries
androidx.room:room-runtime-iossimulatorarm64:2.8.4=iosSimulatorArm64CompileKlibraries,iosSimulatorArm64TestCompileKlibraries
androidx.room:room-runtime:2.8.4=iosArm64CompileKlibraries,iosArm64TestCompileKlibraries,iosSimulatorArm64CompileKlibraries,iosSimulatorArm64TestCompileKlibraries
androidx.savedstate:savedstate-compose-iosarm64:1.4.0=iosArm64CompileKlibraries,iosArm64TestCompileKlibraries
androidx.savedstate:savedstate-compose-iossimulatorarm64:1.4.0=iosSimulatorArm64CompileKlibraries,iosSimulatorArm64TestCompileKlibraries
androidx.savedstate:savedstate-compose:1.4.0=iosArm64CompileKlibraries,iosArm64TestCompileKlibraries,iosSimulatorArm64CompileKlibraries,iosSimulatorArm64TestCompileKlibraries
androidx.savedstate:savedstate-iosarm64:1.4.0=iosArm64CompileKlibraries,iosArm64TestCompileKlibraries
androidx.savedstate:savedstate-iossimulatorarm64:1.4.0=iosSimulatorArm64CompileKlibraries,iosSimulatorArm64TestCompileKlibraries
androidx.savedstate:savedstate:1.4.0=iosArm64CompileKlibraries,iosArm64TestCompileKlibraries,iosSimulatorArm64CompileKlibraries,iosSimulatorArm64TestCompileKlibraries
androidx.sqlite:sqlite-bundled-iosarm64:2.6.2=iosArm64CompileKlibraries,iosArm64TestCompileKlibraries
androidx.sqlite:sqlite-bundled-iossimulatorarm64:2.6.2=iosSimulatorArm64CompileKlibraries,iosSimulatorArm64TestCompileKlibraries
androidx.sqlite:sqlite-bundled:2.6.2=iosArm64CompileKlibraries,iosArm64TestCompileKlibraries,iosSimulatorArm64CompileKlibraries,iosSimulatorArm64TestCompileKlibraries
androidx.sqlite:sqlite-framework-iosarm64:2.6.2=iosArm64CompileKlibraries,iosArm64TestCompileKlibraries
androidx.sqlite:sqlite-framework-iossimulatorarm64:2.6.2=iosSimulatorArm64CompileKlibraries,iosSimulatorArm64TestCompileKlibraries
androidx.sqlite:sqlite-framework:2.6.2=iosArm64CompileKlibraries,iosArm64TestCompileKlibraries,iosSimulatorArm64CompileKlibraries,iosSimulatorArm64TestCompileKlibraries
androidx.sqlite:sqlite-iosarm64:2.6.2=iosArm64CompileKlibraries,iosArm64TestCompileKlibraries
androidx.sqlite:sqlite-iossimulatorarm64:2.6.2=iosSimulatorArm64CompileKlibraries,iosSimulatorArm64TestCompileKlibraries
androidx.sqlite:sqlite:2.6.2=iosArm64CompileKlibraries,iosArm64TestCompileKlibraries,iosSimulatorArm64CompileKlibraries,iosSimulatorArm64TestCompileKlibraries
androidx.window:window-core-iosarm64:1.5.0=iosArm64CompileKlibraries,iosArm64TestCompileKlibraries
androidx.window:window-core-iossimulatorarm64:1.5.0=iosSimulatorArm64CompileKlibraries,iosSimulatorArm64TestCompileKlibraries
androidx.window:window-core:1.5.0=iosArm64CompileKlibraries,iosArm64TestCompileKlibraries,iosSimulatorArm64CompileKlibraries,iosSimulatorArm64TestCompileKlibraries
co.touchlab:stately-concurrency-iosarm64:2.1.0=iosArm64CompileKlibraries,iosArm64TestCompileKlibraries
co.touchlab:stately-concurrency-iossimulatorarm64:2.1.0=iosSimulatorArm64CompileKlibraries,iosSimulatorArm64TestCompileKlibraries
co.touchlab:stately-concurrency:2.1.0=iosArm64CompileKlibraries,iosArm64TestCompileKlibraries,iosSimulatorArm64CompileKlibraries,iosSimulatorArm64TestCompileKlibraries
co.touchlab:stately-strict-iosarm64:2.1.0=iosArm64CompileKlibraries,iosArm64TestCompileKlibraries
co.touchlab:stately-strict-iossimulatorarm64:2.1.0=iosSimulatorArm64CompileKlibraries,iosSimulatorArm64TestCompileKlibraries
co.touchlab:stately-strict:2.1.0=iosArm64CompileKlibraries,iosArm64TestCompileKlibraries,iosSimulatorArm64CompileKlibraries,iosSimulatorArm64TestCompileKlibraries
com.fleeksoft.charset:charset-iosarm64:0.0.8=iosArm64CompileKlibraries,iosArm64TestCompileKlibraries
com.fleeksoft.charset:charset-iossimulatorarm64:0.0.8=iosSimulatorArm64CompileKlibraries,iosSimulatorArm64TestCompileKlibraries
com.fleeksoft.charset:charset:0.0.8=iosArm64CompileKlibraries,iosArm64TestCompileKlibraries,iosSimulatorArm64CompileKlibraries,iosSimulatorArm64TestCompileKlibraries
com.fleeksoft.io:io-core-iosarm64:0.0.8=iosArm64CompileKlibraries,iosArm64TestCompileKlibraries
com.fleeksoft.io:io-core-iossimulatorarm64:0.0.8=iosSimulatorArm64CompileKlibraries,iosSimulatorArm64TestCompileKlibraries
com.fleeksoft.io:io-core:0.0.8=iosArm64CompileKlibraries,iosArm64TestCompileKlibraries,iosSimulatorArm64CompileKlibraries,iosSimulatorArm64TestCompileKlibraries
com.fleeksoft.ksoup:ksoup-iosarm64:0.2.6=iosArm64CompileKlibraries,iosArm64TestCompileKlibraries
com.fleeksoft.ksoup:ksoup-iossimulatorarm64:0.2.6=iosSimulatorArm64CompileKlibraries,iosSimulatorArm64TestCompileKlibraries
com.fleeksoft.ksoup:ksoup:0.2.6=iosArm64CompileKlibraries,iosArm64TestCompileKlibraries,iosSimulatorArm64CompileKlibraries,iosSimulatorArm64TestCompileKlibraries
com.materialkolor:material-color-utilities-iosarm64:5.0.0=iosArm64CompileKlibraries,iosArm64TestCompileKlibraries
com.materialkolor:material-color-utilities-iossimulatorarm64:5.0.0=iosSimulatorArm64CompileKlibraries,iosSimulatorArm64TestCompileKlibraries
com.materialkolor:material-color-utilities:5.0.0=iosArm64CompileKlibraries,iosArm64TestCompileKlibraries,iosSimulatorArm64CompileKlibraries,iosSimulatorArm64TestCompileKlibraries
com.squareup.okio:okio-iosarm64:3.17.0=iosArm64CompileKlibraries,iosArm64TestCompileKlibraries
com.squareup.okio:okio-iossimulatorarm64:3.17.0=iosSimulatorArm64CompileKlibraries,iosSimulatorArm64TestCompileKlibraries
com.squareup.okio:okio:3.17.0=iosArm64CompileKlibraries,iosArm64TestCompileKlibraries,iosSimulatorArm64CompileKlibraries,iosSimulatorArm64TestCompileKlibraries
dev.drewhamilton.poko:poko-annotations-iosarm64:0.23.1=iosArm64CompileKlibraries,iosArm64TestCompileKlibraries
dev.drewhamilton.poko:poko-annotations-iossimulatorarm64:0.23.1=iosSimulatorArm64CompileKlibraries,iosSimulatorArm64TestCompileKlibraries
dev.drewhamilton.poko:poko-annotations:0.23.1=iosArm64CompileKlibraries,iosArm64TestCompileKlibraries,iosSimulatorArm64CompileKlibraries,iosSimulatorArm64TestCompileKlibraries
io.coil-kt.coil3:coil-compose-core-iosarm64:3.5.0=iosArm64CompileKlibraries,iosArm64TestCompileKlibraries
io.coil-kt.coil3:coil-compose-core-iossimulatorarm64:3.5.0=iosSimulatorArm64CompileKlibraries,iosSimulatorArm64TestCompileKlibraries
io.coil-kt.coil3:coil-compose-core:3.5.0=iosArm64CompileKlibraries,iosArm64TestCompileKlibraries,iosSimulatorArm64CompileKlibraries,iosSimulatorArm64TestCompileKlibraries
io.coil-kt.coil3:coil-compose-iosarm64:3.5.0=iosArm64CompileKlibraries,iosArm64TestCompileKlibraries
io.coil-kt.coil3:coil-compose-iossimulatorarm64:3.5.0=iosSimulatorArm64CompileKlibraries,iosSimulatorArm64TestCompileKlibraries
io.coil-kt.coil3:coil-compose:3.5.0=iosArm64CompileKlibraries,iosArm64TestCompileKlibraries,iosSimulatorArm64CompileKlibraries,iosSimulatorArm64TestCompileKlibraries
io.coil-kt.coil3:coil-core-iosarm64:3.5.0=iosArm64CompileKlibraries,iosArm64TestCompileKlibraries
io.coil-kt.coil3:coil-core-iossimulatorarm64:3.5.0=iosSimulatorArm64CompileKlibraries,iosSimulatorArm64TestCompileKlibraries
io.coil-kt.coil3:coil-core:3.5.0=iosArm64CompileKlibraries,iosArm64TestCompileKlibraries,iosSimulatorArm64CompileKlibraries,iosSimulatorArm64TestCompileKlibraries
io.coil-kt.coil3:coil-iosarm64:3.5.0=iosArm64CompileKlibraries,iosArm64TestCompileKlibraries
io.coil-kt.coil3:coil-iossimulatorarm64:3.5.0=iosSimulatorArm64CompileKlibraries,iosSimulatorArm64TestCompileKlibraries
io.coil-kt.coil3:coil-network-cache-control-iosarm64:3.5.0=iosArm64CompileKlibraries,iosArm64TestCompileKlibraries
io.coil-kt.coil3:coil-network-cache-control-iossimulatorarm64:3.5.0=iosSimulatorArm64CompileKlibraries,iosSimulatorArm64TestCompileKlibraries
io.coil-kt.coil3:coil-network-cache-control:3.5.0=iosArm64CompileKlibraries,iosArm64TestCompileKlibraries,iosSimulatorArm64CompileKlibraries,iosSimulatorArm64TestCompileKlibraries
io.coil-kt.coil3:coil-network-core-iosarm64:3.5.0=iosArm64CompileKlibraries,iosArm64TestCompileKlibraries
io.coil-kt.coil3:coil-network-core-iossimulatorarm64:3.5.0=iosSimulatorArm64CompileKlibraries,iosSimulatorArm64TestCompileKlibraries
io.coil-kt.coil3:coil-network-core:3.5.0=iosArm64CompileKlibraries,iosArm64TestCompileKlibraries,iosSimulatorArm64CompileKlibraries,iosSimulatorArm64TestCompileKlibraries
io.coil-kt.coil3:coil-svg-iosarm64:3.5.0=iosArm64CompileKlibraries,iosArm64TestCompileKlibraries
io.coil-kt.coil3:coil-svg-iossimulatorarm64:3.5.0=iosSimulatorArm64CompileKlibraries,iosSimulatorArm64TestCompileKlibraries
io.coil-kt.coil3:coil-svg:3.5.0=iosArm64CompileKlibraries,iosArm64TestCompileKlibraries,iosSimulatorArm64CompileKlibraries,iosSimulatorArm64TestCompileKlibraries
io.coil-kt.coil3:coil:3.5.0=iosArm64CompileKlibraries,iosArm64TestCompileKlibraries,iosSimulatorArm64CompileKlibraries,iosSimulatorArm64TestCompileKlibraries
org.jetbrains.androidx.lifecycle:lifecycle-common:2.9.6=iosArm64CompileKlibraries,iosArm64TestCompileKlibraries,iosSimulatorArm64CompileKlibraries,iosSimulatorArm64TestCompileKlibraries
org.jetbrains.androidx.lifecycle:lifecycle-runtime-compose-uikitarm64:2.9.6=iosArm64CompileKlibraries,iosArm64TestCompileKlibraries
org.jetbrains.androidx.lifecycle:lifecycle-runtime-compose-uikitsimarm64:2.9.6=iosSimulatorArm64CompileKlibraries,iosSimulatorArm64TestCompileKlibraries
org.jetbrains.androidx.lifecycle:lifecycle-runtime-compose:2.9.6=iosArm64CompileKlibraries,iosArm64TestCompileKlibraries,iosSimulatorArm64CompileKlibraries,iosSimulatorArm64TestCompileKlibraries
org.jetbrains.androidx.lifecycle:lifecycle-runtime:2.9.6=iosArm64CompileKlibraries,iosArm64TestCompileKlibraries,iosSimulatorArm64CompileKlibraries,iosSimulatorArm64TestCompileKlibraries
org.jetbrains.androidx.lifecycle:lifecycle-viewmodel-savedstate:2.9.6=iosArm64CompileKlibraries,iosArm64TestCompileKlibraries,iosSimulatorArm64CompileKlibraries,iosSimulatorArm64TestCompileKlibraries
org.jetbrains.androidx.lifecycle:lifecycle-viewmodel:2.9.6=iosArm64CompileKlibraries,iosArm64TestCompileKlibraries,iosSimulatorArm64CompileKlibraries,iosSimulatorArm64TestCompileKlibraries
org.jetbrains.androidx.navigation3:navigation3-ui-iosarm64:1.1.0=iosArm64CompileKlibraries,iosArm64TestCompileKlibraries
org.jetbrains.androidx.navigation3:navigation3-ui-iossimulatorarm64:1.1.0=iosSimulatorArm64CompileKlibraries,iosSimulatorArm64TestCompileKlibraries
org.jetbrains.androidx.navigation3:navigation3-ui:1.1.0=iosArm64CompileKlibraries,iosArm64TestCompileKlibraries,iosSimulatorArm64CompileKlibraries,iosSimulatorArm64TestCompileKlibraries
org.jetbrains.androidx.navigationevent:navigationevent-compose-iosarm64:1.1.0=iosArm64CompileKlibraries,iosArm64TestCompileKlibraries
org.jetbrains.androidx.navigationevent:navigationevent-compose-iossimulatorarm64:1.1.0=iosSimulatorArm64CompileKlibraries,iosSimulatorArm64TestCompileKlibraries
org.jetbrains.androidx.navigationevent:navigationevent-compose:1.1.0=iosArm64CompileKlibraries,iosArm64TestCompileKlibraries,iosSimulatorArm64CompileKlibraries,iosSimulatorArm64TestCompileKlibraries
org.jetbrains.androidx.savedstate:savedstate-compose-uikitarm64:1.3.6=iosArm64CompileKlibraries,iosArm64TestCompileKlibraries
org.jetbrains.androidx.savedstate:savedstate-compose-uikitsimarm64:1.3.6=iosSimulatorArm64CompileKlibraries,iosSimulatorArm64TestCompileKlibraries
org.jetbrains.androidx.savedstate:savedstate-compose:1.3.6=iosArm64CompileKlibraries,iosArm64TestCompileKlibraries,iosSimulatorArm64CompileKlibraries,iosSimulatorArm64TestCompileKlibraries
org.jetbrains.androidx.savedstate:savedstate:1.3.6=iosArm64CompileKlibraries,iosArm64TestCompileKlibraries,iosSimulatorArm64CompileKlibraries,iosSimulatorArm64TestCompileKlibraries
org.jetbrains.androidx.window:window-core-iosarm64:1.5.0=iosArm64CompileKlibraries,iosArm64TestCompileKlibraries
org.jetbrains.androidx.window:window-core-iossimulatorarm64:1.5.0=iosSimulatorArm64CompileKlibraries,iosSimulatorArm64TestCompileKlibraries
org.jetbrains.androidx.window:window-core:1.5.0=iosArm64CompileKlibraries,iosArm64TestCompileKlibraries,iosSimulatorArm64CompileKlibraries,iosSimulatorArm64TestCompileKlibraries
org.jetbrains.compose.animation:animation-core-iosarm64:1.12.0-rc01=iosArm64CompileKlibraries,iosArm64TestCompileKlibraries
org.jetbrains.compose.animation:animation-core-iossimulatorarm64:1.12.0-rc01=iosSimulatorArm64CompileKlibraries,iosSimulatorArm64TestCompileKlibraries
org.jetbrains.compose.animation:animation-core:1.12.0-rc01=iosArm64CompileKlibraries,iosArm64TestCompileKlibraries,iosSimulatorArm64CompileKlibraries,iosSimulatorArm64TestCompileKlibraries
org.jetbrains.compose.animation:animation-iosarm64:1.12.0-rc01=iosArm64CompileKlibraries,iosArm64TestCompileKlibraries
org.jetbrains.compose.animation:animation-iossimulatorarm64:1.12.0-rc01=iosSimulatorArm64CompileKlibraries,iosSimulatorArm64TestCompileKlibraries
org.jetbrains.compose.animation:animation:1.12.0-rc01=iosArm64CompileKlibraries,iosArm64TestCompileKlibraries,iosSimulatorArm64CompileKlibraries,iosSimulatorArm64TestCompileKlibraries
org.jetbrains.compose.annotation-internal:annotation:1.10.0=iosArm64CompileKlibraries,iosArm64TestCompileKlibraries,iosSimulatorArm64CompileKlibraries,iosSimulatorArm64TestCompileKlibraries
org.jetbrains.compose.collection-internal:collection:1.10.0=iosArm64CompileKlibraries,iosArm64TestCompileKlibraries,iosSimulatorArm64CompileKlibraries,iosSimulatorArm64TestCompileKlibraries
org.jetbrains.compose.components:components-resources-iosArm64:1.12.0-rc01=iosArm64CompileKlibraries,iosArm64TestCompileKlibraries
org.jetbrains.compose.components:components-resources-iosSimulatorArm64:1.12.0-rc01=iosSimulatorArm64CompileKlibraries,iosSimulatorArm64TestCompileKlibraries
org.jetbrains.compose.components:components-resources:1.12.0-rc01=iosArm64CompileKlibraries,iosArm64TestCompileKlibraries,iosSimulatorArm64CompileKlibraries,iosSimulatorArm64TestCompileKlibraries
org.jetbrains.compose.foundation:foundation-iosarm64:1.12.0-rc01=iosArm64CompileKlibraries,iosArm64TestCompileKlibraries
org.jetbrains.compose.foundation:foundation-iossimulatorarm64:1.12.0-rc01=iosSimulatorArm64CompileKlibraries,iosSimulatorArm64TestCompileKlibraries
org.jetbrains.compose.foundation:foundation-layout-iosarm64:1.12.0-rc01=iosArm64CompileKlibraries,iosArm64TestCompileKlibraries
org.jetbrains.compose.foundation:foundation-layout-iossimulatorarm64:1.12.0-rc01=iosSimulatorArm64CompileKlibraries,iosSimulatorArm64TestCompileKlibraries
org.jetbrains.compose.foundation:foundation-layout:1.12.0-rc01=iosArm64CompileKlibraries,iosArm64TestCompileKlibraries,iosSimulatorArm64CompileKlibraries,iosSimulatorArm64TestCompileKlibraries
org.jetbrains.compose.foundation:foundation:1.12.0-rc01=iosArm64CompileKlibraries,iosArm64TestCompileKlibraries,iosSimulatorArm64CompileKlibraries,iosSimulatorArm64TestCompileKlibraries
org.jetbrains.compose.material3.adaptive:adaptive-iosarm64:1.3.0-beta02=iosArm64CompileKlibraries,iosArm64TestCompileKlibraries
org.jetbrains.compose.material3.adaptive:adaptive-iossimulatorarm64:1.3.0-beta02=iosSimulatorArm64CompileKlibraries,iosSimulatorArm64TestCompileKlibraries
org.jetbrains.compose.material3.adaptive:adaptive-layout-iosarm64:1.3.0-beta02=iosArm64CompileKlibraries,iosArm64TestCompileKlibraries
org.jetbrains.compose.material3.adaptive:adaptive-layout-iossimulatorarm64:1.3.0-beta02=iosSimulatorArm64CompileKlibraries,iosSimulatorArm64TestCompileKlibraries
org.jetbrains.compose.material3.adaptive:adaptive-layout:1.3.0-beta02=iosArm64CompileKlibraries,iosArm64TestCompileKlibraries,iosSimulatorArm64CompileKlibraries,iosSimulatorArm64TestCompileKlibraries
org.jetbrains.compose.material3.adaptive:adaptive-navigation-iosarm64:1.3.0-beta02=iosArm64CompileKlibraries,iosArm64TestCompileKlibraries
org.jetbrains.compose.material3.adaptive:adaptive-navigation-iossimulatorarm64:1.3.0-beta02=iosSimulatorArm64CompileKlibraries,iosSimulatorArm64TestCompileKlibraries
org.jetbrains.compose.material3.adaptive:adaptive-navigation3-iosarm64:1.3.0-beta02=iosArm64CompileKlibraries,iosArm64TestCompileKlibraries
org.jetbrains.compose.material3.adaptive:adaptive-navigation3-iossimulatorarm64:1.3.0-beta02=iosSimulatorArm64CompileKlibraries,iosSimulatorArm64TestCompileKlibraries
org.jetbrains.compose.material3.adaptive:adaptive-navigation3:1.3.0-beta02=iosArm64CompileKlibraries,iosArm64TestCompileKlibraries,iosSimulatorArm64CompileKlibraries,iosSimulatorArm64TestCompileKlibraries
org.jetbrains.compose.material3.adaptive:adaptive-navigation:1.3.0-beta02=iosArm64CompileKlibraries,iosArm64TestCompileKlibraries,iosSimulatorArm64CompileKlibraries,iosSimulatorArm64TestCompileKlibraries
org.jetbrains.compose.material3.adaptive:adaptive:1.3.0-beta02=iosArm64CompileKlibraries,iosArm64TestCompileKlibraries,iosSimulatorArm64CompileKlibraries,iosSimulatorArm64TestCompileKlibraries
org.jetbrains.compose.material3:material3-adaptive-navigation-suite-iosarm64:1.12.0-alpha03=iosArm64CompileKlibraries,iosArm64TestCompileKlibraries
org.jetbrains.compose.material3:material3-adaptive-navigation-suite-iossimulatorarm64:1.12.0-alpha03=iosSimulatorArm64CompileKlibraries,iosSimulatorArm64TestCompileKlibraries
org.jetbrains.compose.material3:material3-adaptive-navigation-suite:1.12.0-alpha03=iosArm64CompileKlibraries,iosArm64TestCompileKlibraries,iosSimulatorArm64CompileKlibraries,iosSimulatorArm64TestCompileKlibraries
org.jetbrains.compose.material3:material3-iosarm64:1.12.0-alpha03=iosArm64CompileKlibraries,iosArm64TestCompileKlibraries
org.jetbrains.compose.material3:material3-iossimulatorarm64:1.12.0-alpha03=iosSimulatorArm64CompileKlibraries,iosSimulatorArm64TestCompileKlibraries
org.jetbrains.compose.material3:material3:1.12.0-alpha03=iosArm64CompileKlibraries,iosArm64TestCompileKlibraries,iosSimulatorArm64CompileKlibraries,iosSimulatorArm64TestCompileKlibraries
org.jetbrains.compose.material:material-icons-core-uikitarm64:1.7.3=iosArm64CompileKlibraries,iosArm64TestCompileKlibraries
org.jetbrains.compose.material:material-icons-core-uikitsimarm64:1.7.3=iosSimulatorArm64CompileKlibraries,iosSimulatorArm64TestCompileKlibraries
org.jetbrains.compose.material:material-icons-core:1.7.3=iosArm64CompileKlibraries,iosArm64TestCompileKlibraries,iosSimulatorArm64CompileKlibraries,iosSimulatorArm64TestCompileKlibraries
org.jetbrains.compose.material:material-ripple-iosarm64:1.12.0-beta01=iosArm64CompileKlibraries,iosArm64TestCompileKlibraries
org.jetbrains.compose.material:material-ripple-iossimulatorarm64:1.12.0-beta01=iosSimulatorArm64CompileKlibraries,iosSimulatorArm64TestCompileKlibraries
org.jetbrains.compose.material:material-ripple:1.12.0-beta01=iosArm64CompileKlibraries,iosArm64TestCompileKlibraries,iosSimulatorArm64CompileKlibraries,iosSimulatorArm64TestCompileKlibraries
org.jetbrains.compose.runtime:runtime-iosarm64:1.12.0-rc01=iosArm64CompileKlibraries,iosArm64TestCompileKlibraries
org.jetbrains.compose.runtime:runtime-iossimulatorarm64:1.12.0-rc01=iosSimulatorArm64CompileKlibraries,iosSimulatorArm64TestCompileKlibraries
org.jetbrains.compose.runtime:runtime-saveable-iosarm64:1.12.0-rc01=iosArm64CompileKlibraries,iosArm64TestCompileKlibraries
org.jetbrains.compose.runtime:runtime-saveable-iossimulatorarm64:1.12.0-rc01=iosSimulatorArm64CompileKlibraries,iosSimulatorArm64TestCompileKlibraries
org.jetbrains.compose.runtime:runtime-saveable:1.12.0-rc01=iosArm64CompileKlibraries,iosArm64TestCompileKlibraries,iosSimulatorArm64CompileKlibraries,iosSimulatorArm64TestCompileKlibraries
org.jetbrains.compose.runtime:runtime:1.12.0-rc01=iosArm64CompileKlibraries,iosArm64TestCompileKlibraries,iosSimulatorArm64CompileKlibraries,iosSimulatorArm64TestCompileKlibraries
org.jetbrains.compose.ui:ui-backhandler-iosarm64:1.12.0-rc01=iosArm64CompileKlibraries,iosArm64TestCompileKlibraries
org.jetbrains.compose.ui:ui-backhandler-iossimulatorarm64:1.12.0-rc01=iosSimulatorArm64CompileKlibraries,iosSimulatorArm64TestCompileKlibraries
org.jetbrains.compose.ui:ui-backhandler:1.12.0-rc01=iosArm64CompileKlibraries,iosArm64TestCompileKlibraries,iosSimulatorArm64CompileKlibraries,iosSimulatorArm64TestCompileKlibraries
org.jetbrains.compose.ui:ui-geometry-iosarm64:1.12.0-rc01=iosArm64CompileKlibraries,iosArm64TestCompileKlibraries
org.jetbrains.compose.ui:ui-geometry-iossimulatorarm64:1.12.0-rc01=iosSimulatorArm64CompileKlibraries,iosSimulatorArm64TestCompileKlibraries
org.jetbrains.compose.ui:ui-geometry:1.12.0-rc01=iosArm64CompileKlibraries,iosArm64TestCompileKlibraries,iosSimulatorArm64CompileKlibraries,iosSimulatorArm64TestCompileKlibraries
org.jetbrains.compose.ui:ui-graphics-iosarm64:1.12.0-rc01=iosArm64CompileKlibraries,iosArm64TestCompileKlibraries
org.jetbrains.compose.ui:ui-graphics-iossimulatorarm64:1.12.0-rc01=iosSimulatorArm64CompileKlibraries,iosSimulatorArm64TestCompileKlibraries
org.jetbrains.compose.ui:ui-graphics:1.12.0-rc01=iosArm64CompileKlibraries,iosArm64TestCompileKlibraries,iosSimulatorArm64CompileKlibraries,iosSimulatorArm64TestCompileKlibraries
org.jetbrains.compose.ui:ui-iosarm64:1.12.0-rc01=iosArm64CompileKlibraries,iosArm64TestCompileKlibraries
org.jetbrains.compose.ui:ui-iossimulatorarm64:1.12.0-rc01=iosSimulatorArm64CompileKlibraries,iosSimulatorArm64TestCompileKlibraries
org.jetbrains.compose.ui:ui-text-iosarm64:1.12.0-rc01=iosArm64CompileKlibraries,iosArm64TestCompileKlibraries
org.jetbrains.compose.ui:ui-text-iossimulatorarm64:1.12.0-rc01=iosSimulatorArm64CompileKlibraries,iosSimulatorArm64TestCompileKlibraries
org.jetbrains.compose.ui:ui-text:1.12.0-rc01=iosArm64CompileKlibraries,iosArm64TestCompileKlibraries,iosSimulatorArm64CompileKlibraries,iosSimulatorArm64TestCompileKlibraries
org.jetbrains.compose.ui:ui-tooling-preview-iosarm64:1.12.0-rc01=iosArm64CompileKlibraries,iosArm64TestCompileKlibraries
org.jetbrains.compose.ui:ui-tooling-preview-iossimulatorarm64:1.12.0-rc01=iosSimulatorArm64CompileKlibraries,iosSimulatorArm64TestCompileKlibraries
org.jetbrains.compose.ui:ui-tooling-preview:1.12.0-rc01=iosArm64CompileKlibraries,iosArm64TestCompileKlibraries,iosSimulatorArm64CompileKlibraries,iosSimulatorArm64TestCompileKlibraries
org.jetbrains.compose.ui:ui-uikit-iosarm64:1.12.0-rc01=iosArm64CompileKlibraries,iosArm64TestCompileKlibraries
org.jetbrains.compose.ui:ui-uikit-iossimulatorarm64:1.12.0-rc01=iosSimulatorArm64CompileKlibraries,iosSimulatorArm64TestCompileKlibraries
org.jetbrains.compose.ui:ui-uikit:1.12.0-rc01=iosArm64CompileKlibraries,iosArm64TestCompileKlibraries,iosSimulatorArm64CompileKlibraries,iosSimulatorArm64TestCompileKlibraries
org.jetbrains.compose.ui:ui-unit-iosarm64:1.12.0-rc01=iosArm64CompileKlibraries,iosArm64TestCompileKlibraries
org.jetbrains.compose.ui:ui-unit-iossimulatorarm64:1.12.0-rc01=iosSimulatorArm64CompileKlibraries,iosSimulatorArm64TestCompileKlibraries
org.jetbrains.compose.ui:ui-unit:1.12.0-rc01=iosArm64CompileKlibraries,iosArm64TestCompileKlibraries,iosSimulatorArm64CompileKlibraries,iosSimulatorArm64TestCompileKlibraries
org.jetbrains.compose.ui:ui-util-iosarm64:1.12.0-rc01=iosArm64CompileKlibraries,iosArm64TestCompileKlibraries
org.jetbrains.compose.ui:ui-util-iossimulatorarm64:1.12.0-rc01=iosSimulatorArm64CompileKlibraries,iosSimulatorArm64TestCompileKlibraries
org.jetbrains.compose.ui:ui-util:1.12.0-rc01=iosArm64CompileKlibraries,iosArm64TestCompileKlibraries,iosSimulatorArm64CompileKlibraries,iosSimulatorArm64TestCompileKlibraries
org.jetbrains.compose.ui:ui:1.12.0-rc01=iosArm64CompileKlibraries,iosArm64TestCompileKlibraries,iosSimulatorArm64CompileKlibraries,iosSimulatorArm64TestCompileKlibraries
org.jetbrains.kotlin:kotlin-stdlib:2.4.10=iosArm64CompileKlibraries,iosArm64TestCompileKlibraries,iosSimulatorArm64CompileKlibraries,iosSimulatorArm64TestCompileKlibraries,metadataCommonMainCompileClasspath
org.jetbrains.kotlinx:atomicfu-iosarm64:0.33.0=iosArm64CompileKlibraries,iosArm64TestCompileKlibraries
org.jetbrains.kotlinx:atomicfu-iossimulatorarm64:0.33.0=iosSimulatorArm64CompileKlibraries,iosSimulatorArm64TestCompileKlibraries
org.jetbrains.kotlinx:atomicfu:0.33.0=iosArm64CompileKlibraries,iosArm64TestCompileKlibraries,iosSimulatorArm64CompileKlibraries,iosSimulatorArm64TestCompileKlibraries
org.jetbrains.kotlinx:kotlinx-coroutines-core-iosarm64:1.11.0=iosArm64CompileKlibraries,iosArm64TestCompileKlibraries
org.jetbrains.kotlinx:kotlinx-coroutines-core-iossimulatorarm64:1.11.0=iosSimulatorArm64CompileKlibraries,iosSimulatorArm64TestCompileKlibraries
org.jetbrains.kotlinx:kotlinx-coroutines-core:1.11.0=iosArm64CompileKlibraries,iosArm64TestCompileKlibraries,iosSimulatorArm64CompileKlibraries,iosSimulatorArm64TestCompileKlibraries
org.jetbrains.kotlinx:kotlinx-datetime-iosarm64:0.8.0=iosArm64CompileKlibraries,iosArm64TestCompileKlibraries
org.jetbrains.kotlinx:kotlinx-datetime-iossimulatorarm64:0.8.0=iosSimulatorArm64CompileKlibraries,iosSimulatorArm64TestCompileKlibraries
org.jetbrains.kotlinx:kotlinx-datetime:0.8.0=iosArm64CompileKlibraries,iosArm64TestCompileKlibraries,iosSimulatorArm64CompileKlibraries,iosSimulatorArm64TestCompileKlibraries
org.jetbrains.kotlinx:kotlinx-serialization-core-iosarm64:1.11.0=iosArm64CompileKlibraries,iosArm64TestCompileKlibraries
org.jetbrains.kotlinx:kotlinx-serialization-core-iossimulatorarm64:1.11.0=iosSimulatorArm64CompileKlibraries,iosSimulatorArm64TestCompileKlibraries
org.jetbrains.kotlinx:kotlinx-serialization-core:1.11.0=iosArm64CompileKlibraries,iosArm64TestCompileKlibraries,iosSimulatorArm64CompileKlibraries,iosSimulatorArm64TestCompileKlibraries
org.jetbrains.kotlinx:kotlinx-serialization-json-iosarm64:1.11.0=iosArm64CompileKlibraries,iosArm64TestCompileKlibraries
org.jetbrains.kotlinx:kotlinx-serialization-json-iossimulatorarm64:1.11.0=iosSimulatorArm64CompileKlibraries,iosSimulatorArm64TestCompileKlibraries
org.jetbrains.kotlinx:kotlinx-serialization-json:1.11.0=iosArm64CompileKlibraries,iosArm64TestCompileKlibraries,iosSimulatorArm64CompileKlibraries,iosSimulatorArm64TestCompileKlibraries
org.jetbrains.kotlinx:kotlinx-serialization-protobuf-iosarm64:1.7.3=iosArm64CompileKlibraries,iosArm64TestCompileKlibraries
org.jetbrains.kotlinx:kotlinx-serialization-protobuf-iossimulatorarm64:1.7.3=iosSimulatorArm64CompileKlibraries,iosSimulatorArm64TestCompileKlibraries
org.jetbrains.kotlinx:kotlinx-serialization-protobuf:1.7.3=iosArm64CompileKlibraries,iosArm64TestCompileKlibraries,iosSimulatorArm64CompileKlibraries,iosSimulatorArm64TestCompileKlibraries
org.jetbrains.skiko:skiko-iosarm64:0.150.1=iosArm64CompileKlibraries,iosArm64TestCompileKlibraries
org.jetbrains.skiko:skiko-iossimulatorarm64:0.150.1=iosSimulatorArm64CompileKlibraries,iosSimulatorArm64TestCompileKlibraries
org.jetbrains.skiko:skiko:0.150.1=iosArm64CompileKlibraries,iosArm64TestCompileKlibraries,iosSimulatorArm64CompileKlibraries,iosSimulatorArm64TestCompileKlibraries
empty=
