# This is a Gradle generated file for dependency locking.
# Manual edits can break the build and are not advised.
# This file is expected to be part of source control.
# To regenerate this file, run: ./gradlew :gallery:dependencies --write-locks
androidx.annotation:annotation-jvm:1.9.1=jvmCompileClasspath,jvmRuntimeClasspath,jvmTestCompileClasspath,jvmTestRuntimeClasspath
androidx.annotation:annotation:1.9.1=jvmCompileClasspath,jvmRuntimeClasspath,jvmTestCompileClasspath,jvmTestRuntimeClasspath
androidx.arch.core:core-common:2.2.0=jvmCompileClasspath,jvmRuntimeClasspath,jvmTestCompileClasspath,jvmTestRuntimeClasspath
androidx.collection:collection-jvm:1.5.0=jvmCompileClasspath,jvmRuntimeClasspath,jvmTestCompileClasspath,jvmTestRuntimeClasspath
androidx.collection:collection:1.5.0=jvmCompileClasspath,jvmRuntimeClasspath,jvmTestCompileClasspath,jvmTestRuntimeClasspath
androidx.compose.runtime:runtime-annotation-jvm:1.12.0-rc01=jvmCompileClasspath,jvmRuntimeClasspath,jvmTestCompileClasspath,jvmTestRuntimeClasspath
androidx.compose.runtime:runtime-annotation:1.12.0-rc01=jvmCompileClasspath,jvmRuntimeClasspath,jvmTestCompileClasspath,jvmTestRuntimeClasspath
androidx.compose.runtime:runtime-desktop:1.12.0-rc01=jvmCompileClasspath,jvmRuntimeClasspath,jvmTestCompileClasspath,jvmTestRuntimeClasspath
androidx.compose.runtime:runtime-retain-desktop:1.12.0-rc01=jvmCompileClasspath,jvmRuntimeClasspath,jvmTestCompileClasspath,jvmTestRuntimeClasspath
androidx.compose.runtime:runtime-retain:1.12.0-rc01=jvmCompileClasspath,jvmRuntimeClasspath,jvmTestCompileClasspath,jvmTestRuntimeClasspath
androidx.compose.runtime:runtime-saveable-desktop:1.12.0-rc01=jvmCompileClasspath,jvmRuntimeClasspath,jvmTestCompileClasspath,jvmTestRuntimeClasspath
androidx.compose.runtime:runtime-saveable:1.12.0-rc01=jvmCompileClasspath,jvmRuntimeClasspath,jvmTestCompileClasspath,jvmTestRuntimeClasspath
androidx.compose.runtime:runtime:1.12.0-rc01=jvmCompileClasspath,jvmRuntimeClasspath,jvmTestCompileClasspath,jvmTestRuntimeClasspath
androidx.graphics:graphics-shapes-desktop:1.1.0=jvmCompileClasspath,jvmRuntimeClasspath,jvmTestCompileClasspath,jvmTestRuntimeClasspath
androidx.graphics:graphics-shapes:1.1.0=jvmCompileClasspath,jvmRuntimeClasspath,jvmTestCompileClasspath,jvmTestRuntimeClasspath
androidx.lifecycle:lifecycle-common-jvm:2.11.0=jvmRuntimeClasspath,jvmTestRuntimeClasspath
androidx.lifecycle:lifecycle-common-jvm:2.9.4=jvmCompileClasspath,jvmTestCompileClasspath
androidx.lifecycle:lifecycle-common:2.11.0=jvmRuntimeClasspath,jvmTestRuntimeClasspath
androidx.lifecycle:lifecycle-common:2.9.4=jvmCompileClasspath,jvmTestCompileClasspath
androidx.lifecycle:lifecycle-runtime-compose-desktop:2.11.0=jvmRuntimeClasspath,jvmTestRuntimeClasspath
androidx.lifecycle:lifecycle-runtime-compose-desktop:2.9.4=jvmCompileClasspath,jvmTestCompileClasspath
androidx.lifecycle:lifecycle-runtime-compose:2.11.0=jvmRuntimeClasspath,jvmTestRuntimeClasspath
androidx.lifecycle:lifecycle-runtime-compose:2.9.4=jvmCompileClasspath,jvmTestCompileClasspath
androidx.lifecycle:lifecycle-runtime-desktop:2.11.0=jvmRuntimeClasspath,jvmTestRuntimeClasspath
androidx.lifecycle:lifecycle-runtime-desktop:2.9.4=jvmCompileClasspath,jvmTestCompileClasspath
androidx.lifecycle:lifecycle-runtime:2.11.0=jvmRuntimeClasspath,jvmTestRuntimeClasspath
androidx.lifecycle:lifecycle-runtime:2.9.4=jvmCompileClasspath,jvmTestCompileClasspath
androidx.lifecycle:lifecycle-viewmodel-compose-desktop:2.11.0=jvmRuntimeClasspath,jvmTestRuntimeClasspath
androidx.lifecycle:lifecycle-viewmodel-compose:2.11.0=jvmRuntimeClasspath,jvmTestRuntimeClasspath
androidx.lifecycle:lifecycle-viewmodel-desktop:2.11.0=jvmRuntimeClasspath,jvmTestRuntimeClasspath
androidx.lifecycle:lifecycle-viewmodel-savedstate-desktop:2.11.0=jvmRuntimeClasspath,jvmTestRuntimeClasspath
androidx.lifecycle:lifecycle-viewmodel-savedstate:2.11.0=jvmRuntimeClasspath,jvmTestRuntimeClasspath
androidx.lifecycle:lifecycle-viewmodel:2.11.0=jvmRuntimeClasspath,jvmTestRuntimeClasspath
androidx.navigationevent:navigationevent-compose-desktop:1.1.1=jvmRuntimeClasspath,jvmTestRuntimeClasspath
androidx.navigationevent:navigationevent-compose:1.1.1=jvmRuntimeClasspath,jvmTestRuntimeClasspath
androidx.navigationevent:navigationevent-desktop:1.1.1=jvmRuntimeClasspath,jvmTestRuntimeClasspath
androidx.navigationevent:navigationevent:1.1.1=jvmRuntimeClasspath,jvmTestRuntimeClasspath
androidx.savedstate:savedstate-compose-desktop:1.4.0=jvmCompileClasspath,jvmRuntimeClasspath,jvmTestCompileClasspath,jvmTestRuntimeClasspath
androidx.savedstate:savedstate-compose:1.4.0=jvmCompileClasspath,jvmRuntimeClasspath,jvmTestCompileClasspath,jvmTestRuntimeClasspath
androidx.savedstate:savedstate-desktop:1.4.0=jvmCompileClasspath,jvmRuntimeClasspath,jvmTestCompileClasspath,jvmTestRuntimeClasspath
androidx.savedstate:savedstate:1.4.0=jvmCompileClasspath,jvmRuntimeClasspath,jvmTestCompileClasspath,jvmTestRuntimeClasspath
co.touchlab:stately-concurrency-jvm:2.1.0=jvmRuntimeClasspath,jvmTestRuntimeClasspath
co.touchlab:stately-concurrency:2.1.0=jvmRuntimeClasspath,jvmTestRuntimeClasspath
co.touchlab:stately-strict-jvm:2.1.0=jvmRuntimeClasspath,jvmTestRuntimeClasspath
co.touchlab:stately-strict:2.1.0=jvmRuntimeClasspath,jvmTestRuntimeClasspath
com.fleeksoft.charset:charset-jvm:0.0.8=jvmRuntimeClasspath,jvmTestRuntimeClasspath
com.fleeksoft.charset:charset:0.0.8=jvmRuntimeClasspath,jvmTestRuntimeClasspath
com.fleeksoft.io:io-core-jvm:0.0.8=jvmRuntimeClasspath,jvmTestRuntimeClasspath
com.fleeksoft.io:io-core:0.0.8=jvmRuntimeClasspath,jvmTestRuntimeClasspath
com.fleeksoft.ksoup:ksoup-jvm:0.2.6=jvmRuntimeClasspath,jvmTestRuntimeClasspath
com.fleeksoft.ksoup:ksoup:0.2.6=jvmRuntimeClasspath,jvmTestRuntimeClasspath
com.materialkolor:material-color-utilities-jvm:5.0.0=jvmRuntimeClasspath,jvmTestRuntimeClasspath
com.materialkolor:material-color-utilities:5.0.0=jvmRuntimeClasspath,jvmTestRuntimeClasspath
com.squareup.okio:okio-jvm:3.17.0=jvmCompileClasspath,jvmRuntimeClasspath,jvmTestCompileClasspath,jvmTestRuntimeClasspath
com.squareup.okio:okio:3.17.0=jvmCompileClasspath,jvmRuntimeClasspath,jvmTestCompileClasspath,jvmTestRuntimeClasspath
dev.drewhamilton.poko:poko-annotations-jvm:0.23.1=jvmRuntimeClasspath,jvmTestRuntimeClasspath
dev.drewhamilton.poko:poko-annotations:0.23.1=jvmRuntimeClasspath,jvmTestRuntimeClasspath
io.coil-kt.coil3:coil-compose-core-jvm:3.5.0=jvmRuntimeClasspath,jvmTestRuntimeClasspath
io.coil-kt.coil3:coil-compose-core:3.5.0=jvmRuntimeClasspath,jvmTestRuntimeClasspath
io.coil-kt.coil3:coil-compose-jvm:3.5.0=jvmRuntimeClasspath,jvmTestRuntimeClasspath
io.coil-kt.coil3:coil-compose:3.5.0=jvmRuntimeClasspath,jvmTestRuntimeClasspath
io.coil-kt.coil3:coil-core-jvm:3.5.0=jvmCompileClasspath,jvmRuntimeClasspath,jvmTestCompileClasspath,jvmTestRuntimeClasspath
io.coil-kt.coil3:coil-core:3.5.0=jvmCompileClasspath,jvmRuntimeClasspath,jvmTestCompileClasspath,jvmTestRuntimeClasspath
io.coil-kt.coil3:coil-jvm:3.5.0=jvmRuntimeClasspath,jvmTestRuntimeClasspath
io.coil-kt.coil3:coil-network-core-jvm:3.5.0=jvmRuntimeClasspath,jvmTestRuntimeClasspath
io.coil-kt.coil3:coil-network-core:3.5.0=jvmRuntimeClasspath,jvmTestRuntimeClasspath
io.coil-kt.coil3:coil:3.5.0=jvmRuntimeClasspath,jvmTestRuntimeClasspath
junit:junit:4.13.2=jvmTestCompileClasspath,jvmTestRuntimeClasspath
org.hamcrest:hamcrest-core:1.3=jvmTestCompileClasspath,jvmTestRuntimeClasspath
org.jetbrains.androidx.lifecycle:lifecycle-common:2.9.6=jvmCompileClasspath,jvmRuntimeClasspath,jvmTestCompileClasspath,jvmTestRuntimeClasspath
org.jetbrains.androidx.lifecycle:lifecycle-runtime-compose-desktop:2.9.6=jvmCompileClasspath,jvmRuntimeClasspath,jvmTestCompileClasspath,jvmTestRuntimeClasspath
org.jetbrains.androidx.lifecycle:lifecycle-runtime-compose:2.9.6=jvmCompileClasspath,jvmRuntimeClasspath,jvmTestCompileClasspath,jvmTestRuntimeClasspath
org.jetbrains.androidx.lifecycle:lifecycle-runtime:2.9.6=jvmCompileClasspath,jvmRuntimeClasspath,jvmTestCompileClasspath,jvmTestRuntimeClasspath
org.jetbrains.androidx.lifecycle:lifecycle-viewmodel-savedstate:2.9.6=jvmTestRuntimeClasspath
org.jetbrains.androidx.lifecycle:lifecycle-viewmodel:2.9.6=jvmTestRuntimeClasspath
org.jetbrains.androidx.navigationevent:navigationevent-compose-desktop:1.1.0=jvmRuntimeClasspath,jvmTestRuntimeClasspath
org.jetbrains.androidx.navigationevent:navigationevent-compose:1.1.0=jvmRuntimeClasspath,jvmTestRuntimeClasspath
org.jetbrains.androidx.savedstate:savedstate-compose-desktop:1.3.6=jvmCompileClasspath,jvmRuntimeClasspath,jvmTestCompileClasspath,jvmTestRuntimeClasspath
org.jetbrains.androidx.savedstate:savedstate-compose:1.3.6=jvmCompileClasspath,jvmRuntimeClasspath,jvmTestCompileClasspath,jvmTestRuntimeClasspath
org.jetbrains.androidx.savedstate:savedstate:1.3.6=jvmCompileClasspath,jvmRuntimeClasspath,jvmTestCompileClasspath,jvmTestRuntimeClasspath
org.jetbrains.compose.animation:animation-core-desktop:1.12.0-rc01=jvmCompileClasspath,jvmRuntimeClasspath,jvmTestCompileClasspath,jvmTestRuntimeClasspath
org.jetbrains.compose.animation:animation-core:1.12.0-rc01=jvmCompileClasspath,jvmRuntimeClasspath,jvmTestCompileClasspath,jvmTestRuntimeClasspath
org.jetbrains.compose.animation:animation-desktop:1.12.0-rc01=jvmCompileClasspath,jvmRuntimeClasspath,jvmTestCompileClasspath,jvmTestRuntimeClasspath
org.jetbrains.compose.animation:animation:1.12.0-rc01=jvmCompileClasspath,jvmRuntimeClasspath,jvmTestCompileClasspath,jvmTestRuntimeClasspath
org.jetbrains.compose.components:components-resources-desktop:1.12.0-rc01=jvmRuntimeClasspath,jvmTestRuntimeClasspath
org.jetbrains.compose.components:components-resources:1.12.0-rc01=jvmRuntimeClasspath,jvmTestRuntimeClasspath
org.jetbrains.compose.desktop:desktop-jvm-macos-arm64:1.12.0-rc01=jvmCompileClasspath,jvmRuntimeClasspath,jvmTestCompileClasspath,jvmTestRuntimeClasspath
org.jetbrains.compose.desktop:desktop-jvm:1.12.0-rc01=jvmCompileClasspath,jvmRuntimeClasspath,jvmTestCompileClasspath,jvmTestRuntimeClasspath
org.jetbrains.compose.desktop:desktop:1.12.0-rc01=jvmCompileClasspath,jvmRuntimeClasspath,jvmTestCompileClasspath,jvmTestRuntimeClasspath
org.jetbrains.compose.foundation:foundation-desktop:1.12.0-rc01=jvmCompileClasspath,jvmRuntimeClasspath,jvmTestCompileClasspath,jvmTestRuntimeClasspath
org.jetbrains.compose.foundation:foundation-layout-desktop:1.12.0-rc01=jvmCompileClasspath,jvmRuntimeClasspath,jvmTestCompileClasspath,jvmTestRuntimeClasspath
org.jetbrains.compose.foundation:foundation-layout:1.12.0-rc01=jvmCompileClasspath,jvmRuntimeClasspath,jvmTestCompileClasspath,jvmTestRuntimeClasspath
org.jetbrains.compose.foundation:foundation:1.12.0-rc01=jvmCompileClasspath,jvmRuntimeClasspath,jvmTestCompileClasspath,jvmTestRuntimeClasspath
org.jetbrains.compose.material3:material3-desktop:1.12.0-alpha03=jvmCompileClasspath,jvmRuntimeClasspath,jvmTestCompileClasspath,jvmTestRuntimeClasspath
org.jetbrains.compose.material3:material3:1.12.0-alpha03=jvmCompileClasspath,jvmRuntimeClasspath,jvmTestCompileClasspath,jvmTestRuntimeClasspath
org.jetbrains.compose.material:material-desktop:1.12.0-rc01=jvmCompileClasspath,jvmRuntimeClasspath,jvmTestCompileClasspath,jvmTestRuntimeClasspath
org.jetbrains.compose.material:material-icons-core-desktop:1.7.3=jvmCompileClasspath,jvmRuntimeClasspath,jvmTestCompileClasspath,jvmTestRuntimeClasspath
org.jetbrains.compose.material:material-icons-core:1.7.3=jvmCompileClasspath,jvmRuntimeClasspath,jvmTestCompileClasspath,jvmTestRuntimeClasspath
org.jetbrains.compose.material:material-ripple-desktop:1.12.0-rc01=jvmCompileClasspath,jvmRuntimeClasspath,jvmTestCompileClasspath,jvmTestRuntimeClasspath
org.jetbrains.compose.material:material-ripple:1.12.0-rc01=jvmCompileClasspath,jvmRuntimeClasspath,jvmTestCompileClasspath,jvmTestRuntimeClasspath
org.jetbrains.compose.material:material:1.12.0-rc01=jvmCompileClasspath,jvmRuntimeClasspath,jvmTestCompileClasspath,jvmTestRuntimeClasspath
org.jetbrains.compose.runtime:runtime-desktop:1.12.0-rc01=jvmCompileClasspath,jvmRuntimeClasspath,jvmTestCompileClasspath,jvmTestRuntimeClasspath
org.jetbrains.compose.runtime:runtime-saveable-desktop:1.12.0-rc01=jvmCompileClasspath,jvmRuntimeClasspath,jvmTestCompileClasspath,jvmTestRuntimeClasspath
org.jetbrains.compose.runtime:runtime-saveable:1.12.0-rc01=jvmCompileClasspath,jvmRuntimeClasspath,jvmTestCompileClasspath,jvmTestRuntimeClasspath
org.jetbrains.compose.runtime:runtime:1.12.0-rc01=jvmCompileClasspath,jvmRuntimeClasspath,jvmTestCompileClasspath,jvmTestRuntimeClasspath
org.jetbrains.compose.ui:ui-backhandler-desktop:1.12.0-rc01=jvmRuntimeClasspath,jvmTestRuntimeClasspath
org.jetbrains.compose.ui:ui-backhandler:1.12.0-rc01=jvmRuntimeClasspath,jvmTestRuntimeClasspath
org.jetbrains.compose.ui:ui-desktop:1.12.0-rc01=jvmCompileClasspath,jvmRuntimeClasspath,jvmTestCompileClasspath,jvmTestRuntimeClasspath
org.jetbrains.compose.ui:ui-geometry-desktop:1.12.0-rc01=jvmCompileClasspath,jvmRuntimeClasspath,jvmTestCompileClasspath,jvmTestRuntimeClasspath
org.jetbrains.compose.ui:ui-geometry:1.12.0-rc01=jvmCompileClasspath,jvmRuntimeClasspath,jvmTestCompileClasspath,jvmTestRuntimeClasspath
org.jetbrains.compose.ui:ui-graphics-desktop:1.12.0-rc01=jvmCompileClasspath,jvmRuntimeClasspath,jvmTestCompileClasspath,jvmTestRuntimeClasspath
org.jetbrains.compose.ui:ui-graphics:1.12.0-rc01=jvmCompileClasspath,jvmRuntimeClasspath,jvmTestCompileClasspath,jvmTestRuntimeClasspath
org.jetbrains.compose.ui:ui-test-desktop:1.12.0-rc01=jvmTestCompileClasspath,jvmTestRuntimeClasspath
org.jetbrains.compose.ui:ui-test:1.12.0-rc01=jvmTestCompileClasspath,jvmTestRuntimeClasspath
org.jetbrains.compose.ui:ui-text-desktop:1.12.0-rc01=jvmCompileClasspath,jvmRuntimeClasspath,jvmTestCompileClasspath,jvmTestRuntimeClasspath
org.jetbrains.compose.ui:ui-text:1.12.0-rc01=jvmCompileClasspath,jvmRuntimeClasspath,jvmTestCompileClasspath,jvmTestRuntimeClasspath
org.jetbrains.compose.ui:ui-tooling-preview-desktop:1.12.0-rc01=jvmCompileClasspath,jvmRuntimeClasspath,jvmTestCompileClasspath,jvmTestRuntimeClasspath
org.jetbrains.compose.ui:ui-tooling-preview:1.12.0-rc01=jvmCompileClasspath,jvmRuntimeClasspath,jvmTestCompileClasspath,jvmTestRuntimeClasspath
org.jetbrains.compose.ui:ui-unit-desktop:1.12.0-rc01=jvmCompileClasspath,jvmRuntimeClasspath,jvmTestCompileClasspath,jvmTestRuntimeClasspath
org.jetbrains.compose.ui:ui-unit:1.12.0-rc01=jvmCompileClasspath,jvmRuntimeClasspath,jvmTestCompileClasspath,jvmTestRuntimeClasspath
org.jetbrains.compose.ui:ui-util-desktop:1.12.0-rc01=jvmCompileClasspath,jvmRuntimeClasspath,jvmTestCompileClasspath,jvmTestRuntimeClasspath
org.jetbrains.compose.ui:ui-util:1.12.0-rc01=jvmCompileClasspath,jvmRuntimeClasspath,jvmTestCompileClasspath,jvmTestRuntimeClasspath
org.jetbrains.compose.ui:ui:1.12.0-rc01=jvmCompileClasspath,jvmRuntimeClasspath,jvmTestCompileClasspath,jvmTestRuntimeClasspath
org.jetbrains.kotlin:kotlin-stdlib:2.4.10=jvmCompileClasspath,jvmRuntimeClasspath,jvmTestCompileClasspath,jvmTestRuntimeClasspath
org.jetbrains.kotlin:kotlin-test-junit:2.4.10=jvmTestCompileClasspath,jvmTestRuntimeClasspath
org.jetbrains.kotlin:kotlin-test:2.4.10=jvmTestCompileClasspath,jvmTestRuntimeClasspath
org.jetbrains.kotlinx:atomicfu-jvm:0.28.0=jvmRuntimeClasspath,jvmTestRuntimeClasspath
org.jetbrains.kotlinx:atomicfu:0.28.0=jvmRuntimeClasspath,jvmTestRuntimeClasspath
org.jetbrains.kotlinx:kotlinx-coroutines-bom:1.10.2=jvmCompileClasspath,jvmRuntimeClasspath,jvmTestCompileClasspath,jvmTestRuntimeClasspath
org.jetbrains.kotlinx:kotlinx-coroutines-core-jvm:1.10.2=jvmCompileClasspath,jvmRuntimeClasspath,jvmTestCompileClasspath,jvmTestRuntimeClasspath
org.jetbrains.kotlinx:kotlinx-coroutines-core:1.10.2=jvmCompileClasspath,jvmRuntimeClasspath,jvmTestCompileClasspath,jvmTestRuntimeClasspath
org.jetbrains.kotlinx:kotlinx-coroutines-test-jvm:1.10.2=jvmTestCompileClasspath,jvmTestRuntimeClasspath
org.jetbrains.kotlinx:kotlinx-coroutines-test:1.10.2=jvmTestCompileClasspath,jvmTestRuntimeClasspath
org.jetbrains.kotlinx:kotlinx-datetime-jvm:0.7.1=jvmRuntimeClasspath,jvmTestRuntimeClasspath
org.jetbrains.kotlinx:kotlinx-datetime:0.7.1=jvmRuntimeClasspath,jvmTestRuntimeClasspath
org.jetbrains.kotlinx:kotlinx-serialization-bom:1.11.0=jvmCompileClasspath,jvmRuntimeClasspath,jvmTestCompileClasspath,jvmTestRuntimeClasspath
org.jetbrains.kotlinx:kotlinx-serialization-core-jvm:1.11.0=jvmCompileClasspath,jvmRuntimeClasspath,jvmTestCompileClasspath,jvmTestRuntimeClasspath
org.jetbrains.kotlinx:kotlinx-serialization-core:1.11.0=jvmCompileClasspath,jvmRuntimeClasspath,jvmTestCompileClasspath,jvmTestRuntimeClasspath
org.jetbrains.kotlinx:kotlinx-serialization-json-jvm:1.11.0=jvmCompileClasspath,jvmRuntimeClasspath,jvmTestCompileClasspath,jvmTestRuntimeClasspath
org.jetbrains.kotlinx:kotlinx-serialization-json:1.11.0=jvmCompileClasspath,jvmRuntimeClasspath,jvmTestCompileClasspath,jvmTestRuntimeClasspath
org.jetbrains.runtime:jbr-api:1.9.0=jvmRuntimeClasspath,jvmTestRuntimeClasspath
org.jetbrains.skiko:skiko-awt-runtime-macos-arm64:0.150.1=jvmRuntimeClasspath,jvmTestRuntimeClasspath
org.jetbrains.skiko:skiko-awt:0.150.1=jvmCompileClasspath,jvmRuntimeClasspath,jvmTestCompileClasspath,jvmTestRuntimeClasspath
org.jetbrains.skiko:skiko:0.150.1=jvmCompileClasspath,jvmRuntimeClasspath,jvmTestCompileClasspath,jvmTestRuntimeClasspath
org.jetbrains:annotations:23.0.0=jvmCompileClasspath,jvmRuntimeClasspath,jvmTestCompileClasspath,jvmTestRuntimeClasspath
org.jspecify:jspecify:1.0.0=jvmCompileClasspath,jvmRuntimeClasspath,jvmTestCompileClasspath,jvmTestRuntimeClasspath
empty=
