# This is a Gradle generated file for dependency locking.
# Manual edits can break the build and are not advised.
# This file is expected to be part of source control.
# To regenerate this file, run: ./gradlew :shared:dependencies --write-locks
androidx.annotation:annotation-experimental:1.5.0=androidHostTestRuntimeClasspath,androidRuntimeClasspath
androidx.annotation:annotation-iosarm64:1.9.1=iosArm64CompileKlibraries,iosArm64TestCompileKlibraries
androidx.annotation:annotation-jvm:1.10.0=androidHostTestRuntimeClasspath,androidRuntimeClasspath
androidx.annotation:annotation-jvm:1.9.1=androidCompileClasspath,androidHostTestCompileClasspath,jvmCompileClasspath,jvmRuntimeClasspath,jvmTestCompileClasspath,jvmTestRuntimeClasspath
androidx.annotation:annotation-macosarm64:1.9.1=macosArm64CompileKlibraries,macosArm64TestCompileKlibraries
androidx.annotation:annotation:1.10.0=androidHostTestRuntimeClasspath,androidRuntimeClasspath
androidx.annotation:annotation:1.9.1=androidCompileClasspath,androidHostTestCompileClasspath,iosArm64CompileKlibraries,iosArm64TestCompileKlibraries,jvmCompileClasspath,jvmRuntimeClasspath,jvmTestCompileClasspath,jvmTestRuntimeClasspath,macosArm64CompileKlibraries,macosArm64TestCompileKlibraries,metadataCommonMainCompileClasspath
androidx.arch.core:core-common:2.2.0=androidCompileClasspath,androidHostTestCompileClasspath,androidHostTestRuntimeClasspath,androidRuntimeClasspath,jvmCompileClasspath,jvmRuntimeClasspath,jvmTestCompileClasspath,jvmTestRuntimeClasspath,metadataCommonMainCompileClasspath
androidx.arch.core:core-runtime:2.2.0=androidHostTestRuntimeClasspath,androidRuntimeClasspath
androidx.collection:collection-iosarm64:1.5.0=iosArm64CompileKlibraries,iosArm64TestCompileKlibraries
androidx.collection:collection-jvm:1.5.0=androidCompileClasspath,androidHostTestCompileClasspath,androidHostTestRuntimeClasspath,androidRuntimeClasspath,jvmCompileClasspath,jvmRuntimeClasspath,jvmTestCompileClasspath,jvmTestRuntimeClasspath
androidx.collection:collection-macosarm64:1.5.0=macosArm64CompileKlibraries,macosArm64TestCompileKlibraries
androidx.collection:collection:1.5.0=androidCompileClasspath,androidHostTestCompileClasspath,androidHostTestRuntimeClasspath,androidRuntimeClasspath,iosArm64CompileKlibraries,iosArm64TestCompileKlibraries,jvmCompileClasspath,jvmRuntimeClasspath,jvmTestCompileClasspath,jvmTestRuntimeClasspath,macosArm64CompileKlibraries,macosArm64TestCompileKlibraries,metadataCommonMainCompileClasspath
androidx.datastore:datastore-android:1.2.1=androidCompileClasspath,androidHostTestCompileClasspath,androidHostTestRuntimeClasspath,androidRuntimeClasspath
androidx.datastore:datastore-core-android:1.2.1=androidCompileClasspath,androidHostTestCompileClasspath,androidHostTestRuntimeClasspath,androidRuntimeClasspath
androidx.datastore:datastore-core-iosarm64:1.2.1=iosArm64CompileKlibraries,iosArm64TestCompileKlibraries
androidx.datastore:datastore-core-jvm:1.2.1=jvmCompileClasspath,jvmRuntimeClasspath,jvmTestCompileClasspath,jvmTestRuntimeClasspath
androidx.datastore:datastore-core-macosarm64:1.2.1=macosArm64CompileKlibraries,macosArm64TestCompileKlibraries
androidx.datastore:datastore-core-okio-iosarm64:1.2.1=iosArm64CompileKlibraries,iosArm64TestCompileKlibraries
androidx.datastore:datastore-core-okio-jvm:1.2.1=androidCompileClasspath,androidHostTestCompileClasspath,androidHostTestRuntimeClasspath,androidRuntimeClasspath,jvmCompileClasspath,jvmRuntimeClasspath,jvmTestCompileClasspath,jvmTestRuntimeClasspath
androidx.datastore:datastore-core-okio-macosarm64:1.2.1=macosArm64CompileKlibraries,macosArm64TestCompileKlibraries
androidx.datastore:datastore-core-okio:1.2.1=androidCompileClasspath,androidHostTestCompileClasspath,androidHostTestRuntimeClasspath,androidRuntimeClasspath,iosArm64CompileKlibraries,iosArm64TestCompileKlibraries,jvmCompileClasspath,jvmRuntimeClasspath,jvmTestCompileClasspath,jvmTestRuntimeClasspath,macosArm64CompileKlibraries,macosArm64TestCompileKlibraries,metadataCommonMainCompileClasspath
androidx.datastore:datastore-core:1.2.1=androidCompileClasspath,androidHostTestCompileClasspath,androidHostTestRuntimeClasspath,androidRuntimeClasspath,iosArm64CompileKlibraries,iosArm64TestCompileKlibraries,jvmCompileClasspath,jvmRuntimeClasspath,jvmTestCompileClasspath,jvmTestRuntimeClasspath,macosArm64CompileKlibraries,macosArm64TestCompileKlibraries,metadataCommonMainCompileClasspath
androidx.datastore:datastore-iosarm64:1.2.1=iosArm64CompileKlibraries,iosArm64TestCompileKlibraries
androidx.datastore:datastore-jvm:1.2.1=jvmCompileClasspath,jvmRuntimeClasspath,jvmTestCompileClasspath,jvmTestRuntimeClasspath
androidx.datastore:datastore-macosarm64:1.2.1=macosArm64CompileKlibraries,macosArm64TestCompileKlibraries
androidx.datastore:datastore-preferences-android:1.2.1=androidCompileClasspath,androidHostTestCompileClasspath,androidHostTestRuntimeClasspath,androidRuntimeClasspath
androidx.datastore:datastore-preferences-core-android:1.2.1=androidCompileClasspath,androidHostTestCompileClasspath,androidHostTestRuntimeClasspath,androidRuntimeClasspath
androidx.datastore:datastore-preferences-core-iosarm64:1.2.1=iosArm64CompileKlibraries,iosArm64TestCompileKlibraries
androidx.datastore:datastore-preferences-core-jvm:1.2.1=jvmCompileClasspath,jvmRuntimeClasspath,jvmTestCompileClasspath,jvmTestRuntimeClasspath
androidx.datastore:datastore-preferences-core-macosarm64:1.2.1=macosArm64CompileKlibraries,macosArm64TestCompileKlibraries
androidx.datastore:datastore-preferences-core:1.2.1=androidCompileClasspath,androidHostTestCompileClasspath,androidHostTestRuntimeClasspath,androidRuntimeClasspath,iosArm64CompileKlibraries,iosArm64TestCompileKlibraries,jvmCompileClasspath,jvmRuntimeClasspath,jvmTestCompileClasspath,jvmTestRuntimeClasspath,macosArm64CompileKlibraries,macosArm64TestCompileKlibraries,metadataCommonMainCompileClasspath
androidx.datastore:datastore-preferences-external-protobuf:1.2.1=androidHostTestRuntimeClasspath,androidRuntimeClasspath,jvmRuntimeClasspath,jvmTestRuntimeClasspath
androidx.datastore:datastore-preferences-iosarm64:1.2.1=iosArm64CompileKlibraries,iosArm64TestCompileKlibraries
androidx.datastore:datastore-preferences-jvm:1.2.1=jvmCompileClasspath,jvmRuntimeClasspath,jvmTestCompileClasspath,jvmTestRuntimeClasspath
androidx.datastore:datastore-preferences-macosarm64:1.2.1=macosArm64CompileKlibraries,macosArm64TestCompileKlibraries
androidx.datastore:datastore-preferences-proto:1.2.1=androidHostTestRuntimeClasspath,androidRuntimeClasspath,jvmRuntimeClasspath,jvmTestRuntimeClasspath
androidx.datastore:datastore-preferences:1.2.1=androidCompileClasspath,androidHostTestCompileClasspath,androidHostTestRuntimeClasspath,androidRuntimeClasspath,iosArm64CompileKlibraries,iosArm64TestCompileKlibraries,jvmCompileClasspath,jvmRuntimeClasspath,jvmTestCompileClasspath,jvmTestRuntimeClasspath,macosArm64CompileKlibraries,macosArm64TestCompileKlibraries,metadataCommonMainCompileClasspath
androidx.datastore:datastore:1.2.1=androidCompileClasspath,androidHostTestCompileClasspath,androidHostTestRuntimeClasspath,androidRuntimeClasspath,iosArm64CompileKlibraries,iosArm64TestCompileKlibraries,jvmCompileClasspath,jvmRuntimeClasspath,jvmTestCompileClasspath,jvmTestRuntimeClasspath,macosArm64CompileKlibraries,macosArm64TestCompileKlibraries,metadataCommonMainCompileClasspath
androidx.paging:paging-common-android:3.5.0=androidCompileClasspath,androidHostTestCompileClasspath,androidHostTestRuntimeClasspath,androidRuntimeClasspath
androidx.paging:paging-common-desktop:3.5.0=jvmCompileClasspath,jvmRuntimeClasspath,jvmTestCompileClasspath,jvmTestRuntimeClasspath
androidx.paging:paging-common-iosarm64:3.5.0=iosArm64CompileKlibraries,iosArm64TestCompileKlibraries
androidx.paging:paging-common-macosarm64:3.5.0=macosArm64CompileKlibraries,macosArm64TestCompileKlibraries
androidx.paging:paging-common:3.5.0=androidCompileClasspath,androidHostTestCompileClasspath,androidHostTestRuntimeClasspath,androidRuntimeClasspath,iosArm64CompileKlibraries,iosArm64TestCompileKlibraries,jvmCompileClasspath,jvmRuntimeClasspath,jvmTestCompileClasspath,jvmTestRuntimeClasspath,macosArm64CompileKlibraries,macosArm64TestCompileKlibraries,metadataCommonMainCompileClasspath
androidx.room:room-common-iosarm64:2.8.4=iosArm64CompileKlibraries,iosArm64TestCompileKlibraries
androidx.room:room-common-jvm:2.8.4=androidCompileClasspath,androidHostTestCompileClasspath,androidHostTestRuntimeClasspath,androidRuntimeClasspath,jvmCompileClasspath,jvmRuntimeClasspath,jvmTestCompileClasspath,jvmTestRuntimeClasspath
androidx.room:room-common-macosarm64:2.8.4=macosArm64CompileKlibraries,macosArm64TestCompileKlibraries
androidx.room:room-common:2.8.4=androidCompileClasspath,androidHostTestCompileClasspath,androidHostTestRuntimeClasspath,androidRuntimeClasspath,iosArm64CompileKlibraries,iosArm64TestCompileKlibraries,jvmCompileClasspath,jvmRuntimeClasspath,jvmTestCompileClasspath,jvmTestRuntimeClasspath,macosArm64CompileKlibraries,macosArm64TestCompileKlibraries,metadataCommonMainCompileClasspath
androidx.room:room-paging-android:2.8.4=androidCompileClasspath,androidHostTestCompileClasspath,androidHostTestRuntimeClasspath,androidRuntimeClasspath
androidx.room:room-paging-iosarm64:2.8.4=iosArm64CompileKlibraries,iosArm64TestCompileKlibraries
androidx.room:room-paging-jvm:2.8.4=jvmCompileClasspath,jvmRuntimeClasspath,jvmTestCompileClasspath,jvmTestRuntimeClasspath
androidx.room:room-paging-macosarm64:2.8.4=macosArm64CompileKlibraries,macosArm64TestCompileKlibraries
androidx.room:room-paging:2.8.4=androidCompileClasspath,androidHostTestCompileClasspath,androidHostTestRuntimeClasspath,androidRuntimeClasspath,iosArm64CompileKlibraries,iosArm64TestCompileKlibraries,jvmCompileClasspath,jvmRuntimeClasspath,jvmTestCompileClasspath,jvmTestRuntimeClasspath,macosArm64CompileKlibraries,macosArm64TestCompileKlibraries,metadataCommonMainCompileClasspath
androidx.room:room-runtime-android:2.8.4=androidCompileClasspath,androidHostTestCompileClasspath,androidHostTestRuntimeClasspath,androidRuntimeClasspath
androidx.room:room-runtime-iosarm64:2.8.4=iosArm64CompileKlibraries,iosArm64TestCompileKlibraries
androidx.room:room-runtime-jvm:2.8.4=jvmCompileClasspath,jvmRuntimeClasspath,jvmTestCompileClasspath,jvmTestRuntimeClasspath
androidx.room:room-runtime-macosarm64:2.8.4=macosArm64CompileKlibraries,macosArm64TestCompileKlibraries
androidx.room:room-runtime:2.8.4=androidCompileClasspath,androidHostTestCompileClasspath,androidHostTestRuntimeClasspath,androidRuntimeClasspath,iosArm64CompileKlibraries,iosArm64TestCompileKlibraries,jvmCompileClasspath,jvmRuntimeClasspath,jvmTestCompileClasspath,jvmTestRuntimeClasspath,macosArm64CompileKlibraries,macosArm64TestCompileKlibraries,metadataCommonMainCompileClasspath
androidx.sqlite:sqlite-android:2.6.2=androidCompileClasspath,androidHostTestCompileClasspath,androidHostTestRuntimeClasspath,androidRuntimeClasspath
androidx.sqlite:sqlite-bundled-iosarm64:2.6.2=iosArm64CompileKlibraries,iosArm64TestCompileKlibraries
androidx.sqlite:sqlite-bundled-macosarm64:2.6.2=macosArm64CompileKlibraries,macosArm64TestCompileKlibraries
androidx.sqlite:sqlite-bundled:2.6.2=iosArm64CompileKlibraries,iosArm64TestCompileKlibraries,macosArm64CompileKlibraries,macosArm64TestCompileKlibraries
androidx.sqlite:sqlite-framework-android:2.6.2=androidCompileClasspath,androidHostTestCompileClasspath,androidHostTestRuntimeClasspath,androidRuntimeClasspath
androidx.sqlite:sqlite-framework-iosarm64:2.6.2=iosArm64CompileKlibraries,iosArm64TestCompileKlibraries
androidx.sqlite:sqlite-framework-macosarm64:2.6.2=macosArm64CompileKlibraries,macosArm64TestCompileKlibraries
androidx.sqlite:sqlite-framework:2.6.2=androidCompileClasspath,androidHostTestCompileClasspath,androidHostTestRuntimeClasspath,androidRuntimeClasspath,iosArm64CompileKlibraries,iosArm64TestCompileKlibraries,macosArm64CompileKlibraries,macosArm64TestCompileKlibraries,metadataCommonMainCompileClasspath
androidx.sqlite:sqlite-iosarm64:2.6.2=iosArm64CompileKlibraries,iosArm64TestCompileKlibraries
androidx.sqlite:sqlite-jvm:2.6.2=jvmCompileClasspath,jvmRuntimeClasspath,jvmTestCompileClasspath,jvmTestRuntimeClasspath
androidx.sqlite:sqlite-macosarm64:2.6.2=macosArm64CompileKlibraries,macosArm64TestCompileKlibraries
androidx.sqlite:sqlite:2.6.2=androidCompileClasspath,androidHostTestCompileClasspath,androidHostTestRuntimeClasspath,androidRuntimeClasspath,iosArm64CompileKlibraries,iosArm64TestCompileKlibraries,jvmCompileClasspath,jvmRuntimeClasspath,jvmTestCompileClasspath,jvmTestRuntimeClasspath,macosArm64CompileKlibraries,macosArm64TestCompileKlibraries,metadataCommonMainCompileClasspath
androidx.startup:startup-runtime:1.2.0=androidHostTestRuntimeClasspath,androidRuntimeClasspath
androidx.tracing:tracing:1.0.0=androidHostTestRuntimeClasspath,androidRuntimeClasspath
co.touchlab:stately-concurrency-iosarm64:2.1.0=iosArm64CompileKlibraries,iosArm64TestCompileKlibraries
co.touchlab:stately-concurrency-jvm:2.1.0=androidCompileClasspath,androidHostTestCompileClasspath,androidHostTestRuntimeClasspath,androidRuntimeClasspath,jvmCompileClasspath,jvmRuntimeClasspath,jvmTestCompileClasspath,jvmTestRuntimeClasspath
co.touchlab:stately-concurrency-macosarm64:2.1.0=macosArm64CompileKlibraries,macosArm64TestCompileKlibraries
co.touchlab:stately-concurrency:2.1.0=androidCompileClasspath,androidHostTestCompileClasspath,androidHostTestRuntimeClasspath,androidRuntimeClasspath,iosArm64CompileKlibraries,iosArm64TestCompileKlibraries,jvmCompileClasspath,jvmRuntimeClasspath,jvmTestCompileClasspath,jvmTestRuntimeClasspath,macosArm64CompileKlibraries,macosArm64TestCompileKlibraries,metadataCommonMainCompileClasspath
co.touchlab:stately-strict-iosarm64:2.1.0=iosArm64CompileKlibraries,iosArm64TestCompileKlibraries
co.touchlab:stately-strict-jvm:2.1.0=androidHostTestRuntimeClasspath,androidRuntimeClasspath,jvmRuntimeClasspath,jvmTestRuntimeClasspath
co.touchlab:stately-strict-macosarm64:2.1.0=macosArm64CompileKlibraries,macosArm64TestCompileKlibraries
co.touchlab:stately-strict:2.1.0=androidHostTestRuntimeClasspath,androidRuntimeClasspath,iosArm64CompileKlibraries,iosArm64TestCompileKlibraries,jvmRuntimeClasspath,jvmTestRuntimeClasspath,macosArm64CompileKlibraries,macosArm64TestCompileKlibraries,metadataCommonMainCompileClasspath
com.fleeksoft.charset:charset-android:0.0.8=androidCompileClasspath,androidHostTestCompileClasspath,androidHostTestRuntimeClasspath,androidRuntimeClasspath
com.fleeksoft.charset:charset-iosarm64:0.0.8=iosArm64CompileKlibraries,iosArm64TestCompileKlibraries
com.fleeksoft.charset:charset-jvm:0.0.8=jvmCompileClasspath,jvmRuntimeClasspath,jvmTestCompileClasspath,jvmTestRuntimeClasspath
com.fleeksoft.charset:charset-macosarm64:0.0.8=macosArm64CompileKlibraries,macosArm64TestCompileKlibraries
com.fleeksoft.charset:charset:0.0.8=androidCompileClasspath,androidHostTestCompileClasspath,androidHostTestRuntimeClasspath,androidRuntimeClasspath,iosArm64CompileKlibraries,iosArm64TestCompileKlibraries,jvmCompileClasspath,jvmRuntimeClasspath,jvmTestCompileClasspath,jvmTestRuntimeClasspath,macosArm64CompileKlibraries,macosArm64TestCompileKlibraries,metadataCommonMainCompileClasspath
com.fleeksoft.io:io-core-android:0.0.8=androidCompileClasspath,androidHostTestCompileClasspath,androidHostTestRuntimeClasspath,androidRuntimeClasspath
com.fleeksoft.io:io-core-iosarm64:0.0.8=iosArm64CompileKlibraries,iosArm64TestCompileKlibraries
com.fleeksoft.io:io-core-jvm:0.0.8=jvmCompileClasspath,jvmRuntimeClasspath,jvmTestCompileClasspath,jvmTestRuntimeClasspath
com.fleeksoft.io:io-core-macosarm64:0.0.8=macosArm64CompileKlibraries,macosArm64TestCompileKlibraries
com.fleeksoft.io:io-core:0.0.8=androidCompileClasspath,androidHostTestCompileClasspath,androidHostTestRuntimeClasspath,androidRuntimeClasspath,iosArm64CompileKlibraries,iosArm64TestCompileKlibraries,jvmCompileClasspath,jvmRuntimeClasspath,jvmTestCompileClasspath,jvmTestRuntimeClasspath,macosArm64CompileKlibraries,macosArm64TestCompileKlibraries,metadataCommonMainCompileClasspath
com.fleeksoft.ksoup:ksoup-android:0.2.6=androidCompileClasspath,androidHostTestCompileClasspath,androidHostTestRuntimeClasspath,androidRuntimeClasspath
com.fleeksoft.ksoup:ksoup-iosarm64:0.2.6=iosArm64CompileKlibraries,iosArm64TestCompileKlibraries
com.fleeksoft.ksoup:ksoup-jvm:0.2.6=jvmCompileClasspath,jvmRuntimeClasspath,jvmTestCompileClasspath,jvmTestRuntimeClasspath
com.fleeksoft.ksoup:ksoup-macosarm64:0.2.6=macosArm64CompileKlibraries,macosArm64TestCompileKlibraries
com.fleeksoft.ksoup:ksoup:0.2.6=androidCompileClasspath,androidHostTestCompileClasspath,androidHostTestRuntimeClasspath,androidRuntimeClasspath,iosArm64CompileKlibraries,iosArm64TestCompileKlibraries,jvmCompileClasspath,jvmRuntimeClasspath,jvmTestCompileClasspath,jvmTestRuntimeClasspath,macosArm64CompileKlibraries,macosArm64TestCompileKlibraries,metadataCommonMainCompileClasspath
com.squareup.okhttp3:okhttp-android:5.4.0=androidCompileClasspath,androidHostTestCompileClasspath,androidHostTestRuntimeClasspath,androidRuntimeClasspath
com.squareup.okhttp3:okhttp:5.4.0=androidCompileClasspath,androidHostTestCompileClasspath,androidHostTestRuntimeClasspath,androidRuntimeClasspath
com.squareup.okio:okio-iosarm64:3.9.1=iosArm64CompileKlibraries,iosArm64TestCompileKlibraries
com.squareup.okio:okio-jvm:3.17.0=androidCompileClasspath,androidHostTestCompileClasspath,androidHostTestRuntimeClasspath,androidRuntimeClasspath
com.squareup.okio:okio-jvm:3.9.1=jvmCompileClasspath,jvmRuntimeClasspath,jvmTestCompileClasspath,jvmTestRuntimeClasspath
com.squareup.okio:okio-macosarm64:3.9.1=macosArm64CompileKlibraries,macosArm64TestCompileKlibraries
com.squareup.okio:okio:3.17.0=androidCompileClasspath,androidHostTestCompileClasspath,androidHostTestRuntimeClasspath,androidRuntimeClasspath
com.squareup.okio:okio:3.9.1=iosArm64CompileKlibraries,iosArm64TestCompileKlibraries,jvmCompileClasspath,jvmRuntimeClasspath,jvmTestCompileClasspath,jvmTestRuntimeClasspath,macosArm64CompileKlibraries,macosArm64TestCompileKlibraries,metadataCommonMainCompileClasspath
junit:junit:4.13.2=androidHostTestCompileClasspath,androidHostTestRuntimeClasspath,jvmTestCompileClasspath,jvmTestRuntimeClasspath
org.hamcrest:hamcrest-core:1.3=androidHostTestCompileClasspath,androidHostTestRuntimeClasspath,jvmTestCompileClasspath,jvmTestRuntimeClasspath
org.jetbrains.kotlin:kotlin-stdlib:2.4.10=androidCompileClasspath,androidHostTestCompileClasspath,androidHostTestRuntimeClasspath,androidRuntimeClasspath,iosArm64CompileKlibraries,iosArm64TestCompileKlibraries,jvmCompileClasspath,jvmRuntimeClasspath,jvmTestCompileClasspath,jvmTestRuntimeClasspath,macosArm64CompileKlibraries,macosArm64TestCompileKlibraries,metadataCommonMainCompileClasspath
org.jetbrains.kotlin:kotlin-test-junit:2.4.10=androidHostTestCompileClasspath,androidHostTestRuntimeClasspath,jvmTestCompileClasspath,jvmTestRuntimeClasspath
org.jetbrains.kotlin:kotlin-test:2.4.10=androidHostTestCompileClasspath,androidHostTestRuntimeClasspath,iosArm64TestCompileKlibraries,jvmTestCompileClasspath,jvmTestRuntimeClasspath,macosArm64TestCompileKlibraries
org.jetbrains.kotlinx:atomicfu-iosarm64:0.32.1=iosArm64CompileKlibraries,iosArm64TestCompileKlibraries
org.jetbrains.kotlinx:atomicfu-macosarm64:0.32.1=macosArm64CompileKlibraries,macosArm64TestCompileKlibraries
org.jetbrains.kotlinx:atomicfu:0.27.0=metadataCommonMainCompileClasspath
org.jetbrains.kotlinx:atomicfu:0.32.1=iosArm64CompileKlibraries,iosArm64TestCompileKlibraries,macosArm64CompileKlibraries,macosArm64TestCompileKlibraries
org.jetbrains.kotlinx:kotlinx-coroutines-android:1.11.0=androidCompileClasspath,androidHostTestCompileClasspath,androidHostTestRuntimeClasspath,androidRuntimeClasspath
org.jetbrains.kotlinx:kotlinx-coroutines-bom:1.11.0=androidCompileClasspath,androidHostTestCompileClasspath,androidHostTestRuntimeClasspath,androidRuntimeClasspath,jvmCompileClasspath,jvmRuntimeClasspath,jvmTestCompileClasspath,jvmTestRuntimeClasspath
org.jetbrains.kotlinx:kotlinx-coroutines-core-iosarm64:1.11.0=iosArm64CompileKlibraries,iosArm64TestCompileKlibraries
org.jetbrains.kotlinx:kotlinx-coroutines-core-jvm:1.11.0=androidCompileClasspath,androidHostTestCompileClasspath,androidHostTestRuntimeClasspath,androidRuntimeClasspath,jvmCompileClasspath,jvmRuntimeClasspath,jvmTestCompileClasspath,jvmTestRuntimeClasspath
org.jetbrains.kotlinx:kotlinx-coroutines-core-macosarm64:1.11.0=macosArm64CompileKlibraries,macosArm64TestCompileKlibraries
org.jetbrains.kotlinx:kotlinx-coroutines-core:1.11.0=androidCompileClasspath,androidHostTestCompileClasspath,androidHostTestRuntimeClasspath,androidRuntimeClasspath,iosArm64CompileKlibraries,iosArm64TestCompileKlibraries,jvmCompileClasspath,jvmRuntimeClasspath,jvmTestCompileClasspath,jvmTestRuntimeClasspath,macosArm64CompileKlibraries,macosArm64TestCompileKlibraries,metadataCommonMainCompileClasspath
org.jetbrains.kotlinx:kotlinx-coroutines-test-jvm:1.11.0=androidHostTestCompileClasspath,androidHostTestRuntimeClasspath
org.jetbrains.kotlinx:kotlinx-coroutines-test:1.11.0=androidHostTestCompileClasspath,androidHostTestRuntimeClasspath
org.jetbrains.kotlinx:kotlinx-serialization-bom:1.11.0=androidCompileClasspath,androidHostTestCompileClasspath,androidHostTestRuntimeClasspath,androidRuntimeClasspath,jvmCompileClasspath,jvmRuntimeClasspath,jvmTestCompileClasspath,jvmTestRuntimeClasspath
org.jetbrains.kotlinx:kotlinx-serialization-core-iosarm64:1.11.0=iosArm64CompileKlibraries,iosArm64TestCompileKlibraries
org.jetbrains.kotlinx:kotlinx-serialization-core-jvm:1.11.0=androidCompileClasspath,androidHostTestCompileClasspath,androidHostTestRuntimeClasspath,androidRuntimeClasspath,jvmCompileClasspath,jvmRuntimeClasspath,jvmTestCompileClasspath,jvmTestRuntimeClasspath
org.jetbrains.kotlinx:kotlinx-serialization-core-macosarm64:1.11.0=macosArm64CompileKlibraries,macosArm64TestCompileKlibraries
org.jetbrains.kotlinx:kotlinx-serialization-core:1.11.0=androidCompileClasspath,androidHostTestCompileClasspath,androidHostTestRuntimeClasspath,androidRuntimeClasspath,iosArm64CompileKlibraries,iosArm64TestCompileKlibraries,jvmCompileClasspath,jvmRuntimeClasspath,jvmTestCompileClasspath,jvmTestRuntimeClasspath,macosArm64CompileKlibraries,macosArm64TestCompileKlibraries,metadataCommonMainCompileClasspath
org.jetbrains.kotlinx:kotlinx-serialization-json-iosarm64:1.11.0=iosArm64CompileKlibraries,iosArm64TestCompileKlibraries
org.jetbrains.kotlinx:kotlinx-serialization-json-jvm:1.11.0=androidCompileClasspath,androidHostTestCompileClasspath,androidHostTestRuntimeClasspath,androidRuntimeClasspath,jvmCompileClasspath,jvmRuntimeClasspath,jvmTestCompileClasspath,jvmTestRuntimeClasspath
org.jetbrains.kotlinx:kotlinx-serialization-json-macosarm64:1.11.0=macosArm64CompileKlibraries,macosArm64TestCompileKlibraries
org.jetbrains.kotlinx:kotlinx-serialization-json:1.11.0=androidCompileClasspath,androidHostTestCompileClasspath,androidHostTestRuntimeClasspath,androidRuntimeClasspath,iosArm64CompileKlibraries,iosArm64TestCompileKlibraries,jvmCompileClasspath,jvmRuntimeClasspath,jvmTestCompileClasspath,jvmTestRuntimeClasspath,macosArm64CompileKlibraries,macosArm64TestCompileKlibraries,metadataCommonMainCompileClasspath
org.jetbrains.kotlinx:kotlinx-serialization-protobuf-iosarm64:1.7.3=iosArm64CompileKlibraries,iosArm64TestCompileKlibraries
org.jetbrains.kotlinx:kotlinx-serialization-protobuf-macosarm64:1.7.3=macosArm64CompileKlibraries,macosArm64TestCompileKlibraries
org.jetbrains.kotlinx:kotlinx-serialization-protobuf:1.7.3=iosArm64CompileKlibraries,iosArm64TestCompileKlibraries,macosArm64CompileKlibraries,macosArm64TestCompileKlibraries,metadataCommonMainCompileClasspath
org.jetbrains:annotations:23.0.0=androidCompileClasspath,androidHostTestCompileClasspath,androidHostTestRuntimeClasspath,androidRuntimeClasspath,jvmCompileClasspath,jvmRuntimeClasspath,jvmTestCompileClasspath,jvmTestRuntimeClasspath
org.jspecify:jspecify:1.0.0=androidCompileClasspath,androidHostTestCompileClasspath,androidHostTestRuntimeClasspath,androidRuntimeClasspath
empty=
