# This is a Gradle generated file for dependency locking.
# Manual edits can break the build and are not advised.
# This file is expected to be part of source control.
androidx.annotation:annotation-jvm:1.9.1=androidHostTestRuntimeClasspath,androidRuntimeClasspath
androidx.annotation:annotation:1.9.1=androidHostTestRuntimeClasspath,androidRuntimeClasspath
co.touchlab:stately-concurrency-iosarm64:2.1.0=iosArm64CompileKlibraries,iosArm64TestCompileKlibraries
co.touchlab:stately-concurrency-jvm:2.1.0=androidCompileClasspath,androidHostTestCompileClasspath,androidHostTestRuntimeClasspath,androidRuntimeClasspath
co.touchlab:stately-concurrency-macosarm64:2.1.0=macosArm64CompileKlibraries,macosArm64TestCompileKlibraries
co.touchlab:stately-concurrency:2.1.0=androidCompileClasspath,androidHostTestCompileClasspath,androidHostTestRuntimeClasspath,androidRuntimeClasspath,iosArm64CompileKlibraries,iosArm64TestCompileKlibraries,macosArm64CompileKlibraries,macosArm64TestCompileKlibraries,metadataCommonMainCompileClasspath
co.touchlab:stately-strict-iosarm64:2.1.0=iosArm64CompileKlibraries,iosArm64TestCompileKlibraries
co.touchlab:stately-strict-jvm:2.1.0=androidHostTestRuntimeClasspath,androidRuntimeClasspath
co.touchlab:stately-strict-macosarm64:2.1.0=macosArm64CompileKlibraries,macosArm64TestCompileKlibraries
co.touchlab:stately-strict:2.1.0=androidHostTestRuntimeClasspath,androidRuntimeClasspath,iosArm64CompileKlibraries,iosArm64TestCompileKlibraries,macosArm64CompileKlibraries,macosArm64TestCompileKlibraries,metadataCommonMainCompileClasspath
com.fleeksoft.charset:charset-android:0.0.8=androidCompileClasspath,androidHostTestCompileClasspath,androidHostTestRuntimeClasspath,androidRuntimeClasspath
com.fleeksoft.charset:charset-iosarm64:0.0.8=iosArm64CompileKlibraries,iosArm64TestCompileKlibraries
com.fleeksoft.charset:charset-macosarm64:0.0.8=macosArm64CompileKlibraries,macosArm64TestCompileKlibraries
com.fleeksoft.charset:charset:0.0.8=androidCompileClasspath,androidHostTestCompileClasspath,androidHostTestRuntimeClasspath,androidRuntimeClasspath,iosArm64CompileKlibraries,iosArm64TestCompileKlibraries,macosArm64CompileKlibraries,macosArm64TestCompileKlibraries,metadataCommonMainCompileClasspath
com.fleeksoft.io:io-core-android:0.0.8=androidCompileClasspath,androidHostTestCompileClasspath,androidHostTestRuntimeClasspath,androidRuntimeClasspath
com.fleeksoft.io:io-core-iosarm64:0.0.8=iosArm64CompileKlibraries,iosArm64TestCompileKlibraries
com.fleeksoft.io:io-core-macosarm64:0.0.8=macosArm64CompileKlibraries,macosArm64TestCompileKlibraries
com.fleeksoft.io:io-core:0.0.8=androidCompileClasspath,androidHostTestCompileClasspath,androidHostTestRuntimeClasspath,androidRuntimeClasspath,iosArm64CompileKlibraries,iosArm64TestCompileKlibraries,macosArm64CompileKlibraries,macosArm64TestCompileKlibraries,metadataCommonMainCompileClasspath
com.fleeksoft.ksoup:ksoup-android:0.2.6=androidCompileClasspath,androidHostTestCompileClasspath,androidHostTestRuntimeClasspath,androidRuntimeClasspath
com.fleeksoft.ksoup:ksoup-iosarm64:0.2.6=iosArm64CompileKlibraries,iosArm64TestCompileKlibraries
com.fleeksoft.ksoup:ksoup-macosarm64:0.2.6=macosArm64CompileKlibraries,macosArm64TestCompileKlibraries
com.fleeksoft.ksoup:ksoup:0.2.6=androidCompileClasspath,androidHostTestCompileClasspath,androidHostTestRuntimeClasspath,androidRuntimeClasspath,iosArm64CompileKlibraries,iosArm64TestCompileKlibraries,macosArm64CompileKlibraries,macosArm64TestCompileKlibraries,metadataCommonMainCompileClasspath
junit:junit:4.13.2=androidHostTestCompileClasspath,androidHostTestRuntimeClasspath
org.hamcrest:hamcrest-core:1.3=androidHostTestCompileClasspath,androidHostTestRuntimeClasspath
org.jetbrains.kotlin:kotlin-stdlib:2.4.10=androidCompileClasspath,androidHostTestCompileClasspath,androidHostTestRuntimeClasspath,androidRuntimeClasspath,iosArm64CompileKlibraries,iosArm64TestCompileKlibraries,macosArm64CompileKlibraries,macosArm64TestCompileKlibraries,metadataCommonMainCompileClasspath
org.jetbrains.kotlin:kotlin-test-junit:2.4.10=androidHostTestCompileClasspath,androidHostTestRuntimeClasspath
org.jetbrains.kotlin:kotlin-test:2.4.10=androidHostTestCompileClasspath,androidHostTestRuntimeClasspath,iosArm64TestCompileKlibraries,macosArm64TestCompileKlibraries
org.jetbrains.kotlinx:atomicfu-iosarm64:0.31.0=iosArm64CompileKlibraries,iosArm64TestCompileKlibraries
org.jetbrains.kotlinx:atomicfu-macosarm64:0.31.0=macosArm64CompileKlibraries,macosArm64TestCompileKlibraries
org.jetbrains.kotlinx:atomicfu:0.31.0=iosArm64CompileKlibraries,iosArm64TestCompileKlibraries,macosArm64CompileKlibraries,macosArm64TestCompileKlibraries
org.jetbrains.kotlinx:kotlinx-serialization-bom:1.11.0=androidCompileClasspath,androidHostTestCompileClasspath,androidHostTestRuntimeClasspath,androidRuntimeClasspath
org.jetbrains.kotlinx:kotlinx-serialization-core-iosarm64:1.11.0=iosArm64CompileKlibraries,iosArm64TestCompileKlibraries
org.jetbrains.kotlinx:kotlinx-serialization-core-jvm:1.11.0=androidCompileClasspath,androidHostTestCompileClasspath,androidHostTestRuntimeClasspath,androidRuntimeClasspath
org.jetbrains.kotlinx:kotlinx-serialization-core-macosarm64:1.11.0=macosArm64CompileKlibraries,macosArm64TestCompileKlibraries
org.jetbrains.kotlinx:kotlinx-serialization-core:1.11.0=androidCompileClasspath,androidHostTestCompileClasspath,androidHostTestRuntimeClasspath,androidRuntimeClasspath,iosArm64CompileKlibraries,iosArm64TestCompileKlibraries,macosArm64CompileKlibraries,macosArm64TestCompileKlibraries,metadataCommonMainCompileClasspath
org.jetbrains.kotlinx:kotlinx-serialization-json-iosarm64:1.11.0=iosArm64CompileKlibraries,iosArm64TestCompileKlibraries
org.jetbrains.kotlinx:kotlinx-serialization-json-jvm:1.11.0=androidCompileClasspath,androidHostTestCompileClasspath,androidHostTestRuntimeClasspath,androidRuntimeClasspath
org.jetbrains.kotlinx:kotlinx-serialization-json-macosarm64:1.11.0=macosArm64CompileKlibraries,macosArm64TestCompileKlibraries
org.jetbrains.kotlinx:kotlinx-serialization-json:1.11.0=androidCompileClasspath,androidHostTestCompileClasspath,androidHostTestRuntimeClasspath,androidRuntimeClasspath,iosArm64CompileKlibraries,iosArm64TestCompileKlibraries,macosArm64CompileKlibraries,macosArm64TestCompileKlibraries,metadataCommonMainCompileClasspath
org.jetbrains:annotations:13.0=androidCompileClasspath,androidHostTestCompileClasspath,androidHostTestRuntimeClasspath,androidRuntimeClasspath
empty=
