# This is a Gradle generated file for dependency locking.
# Manual edits can break the build and are not advised.
# This file is expected to be part of source control.
# To regenerate this file, run: ./gradlew :shared:dependencies --write-locks
androidx.annotation:annotation-experimental:1.4.1=androidCompileClasspath,androidHostTestCompileClasspath
androidx.annotation:annotation-experimental:1.5.0=androidHostTestRuntimeClasspath,androidRuntimeClasspath
androidx.annotation:annotation-iosarm64:1.9.1=iosArm64CompileKlibraries,iosArm64TestCompileKlibraries
androidx.annotation:annotation-iossimulatorarm64:1.9.1=iosSimulatorArm64CompileKlibraries,iosSimulatorArm64TestCompileKlibraries
androidx.annotation:annotation-jvm:1.10.0=androidHostTestRuntimeClasspath,androidRuntimeClasspath
androidx.annotation:annotation-jvm:1.9.1=androidCompileClasspath,androidHostTestCompileClasspath,jvmCompileClasspath,jvmRuntimeClasspath,jvmTestCompileClasspath,jvmTestRuntimeClasspath
androidx.annotation:annotation-macosarm64:1.9.1=macosArm64CompileKlibraries,macosArm64TestCompileKlibraries
androidx.annotation:annotation:1.10.0=androidHostTestRuntimeClasspath,androidRuntimeClasspath
androidx.annotation:annotation:1.9.1=androidCompileClasspath,androidHostTestCompileClasspath,iosArm64CompileKlibraries,iosArm64TestCompileKlibraries,iosSimulatorArm64CompileKlibraries,iosSimulatorArm64TestCompileKlibraries,jvmCompileClasspath,jvmRuntimeClasspath,jvmTestCompileClasspath,jvmTestRuntimeClasspath,macosArm64CompileKlibraries,macosArm64TestCompileKlibraries,metadataCommonMainCompileClasspath
androidx.arch.core:core-common:2.2.0=androidCompileClasspath,androidHostTestCompileClasspath,androidHostTestRuntimeClasspath,androidRuntimeClasspath,jvmCompileClasspath,jvmRuntimeClasspath,jvmTestCompileClasspath,jvmTestRuntimeClasspath,metadataCommonMainCompileClasspath
androidx.arch.core:core-runtime:2.2.0=androidHostTestCompileClasspath,androidHostTestRuntimeClasspath,androidRuntimeClasspath
androidx.collection:collection-iosarm64:1.5.0=iosArm64CompileKlibraries,iosArm64TestCompileKlibraries
androidx.collection:collection-iossimulatorarm64:1.5.0=iosSimulatorArm64CompileKlibraries,iosSimulatorArm64TestCompileKlibraries
androidx.collection:collection-jvm:1.5.0=androidCompileClasspath,androidHostTestCompileClasspath,androidHostTestRuntimeClasspath,androidRuntimeClasspath,jvmCompileClasspath,jvmRuntimeClasspath,jvmTestCompileClasspath,jvmTestRuntimeClasspath
androidx.collection:collection-macosarm64:1.5.0=macosArm64CompileKlibraries,macosArm64TestCompileKlibraries
androidx.collection:collection:1.5.0=androidCompileClasspath,androidHostTestCompileClasspath,androidHostTestRuntimeClasspath,androidRuntimeClasspath,iosArm64CompileKlibraries,iosArm64TestCompileKlibraries,iosSimulatorArm64CompileKlibraries,iosSimulatorArm64TestCompileKlibraries,jvmCompileClasspath,jvmRuntimeClasspath,jvmTestCompileClasspath,jvmTestRuntimeClasspath,macosArm64CompileKlibraries,macosArm64TestCompileKlibraries,metadataCommonMainCompileClasspath
androidx.compose.runtime:runtime-android:1.12.0-rc01=androidCompileClasspath,androidHostTestCompileClasspath,androidHostTestRuntimeClasspath,androidRuntimeClasspath
androidx.compose.runtime:runtime-annotation-android:1.12.0-rc01=androidCompileClasspath,androidHostTestCompileClasspath,androidHostTestRuntimeClasspath,androidRuntimeClasspath
androidx.compose.runtime:runtime-annotation-iosarm64:1.12.0-rc01=iosArm64CompileKlibraries,iosArm64TestCompileKlibraries
androidx.compose.runtime:runtime-annotation-iossimulatorarm64:1.12.0-rc01=iosSimulatorArm64CompileKlibraries,iosSimulatorArm64TestCompileKlibraries
androidx.compose.runtime:runtime-annotation-jvm:1.12.0-rc01=jvmCompileClasspath,jvmRuntimeClasspath,jvmTestCompileClasspath,jvmTestRuntimeClasspath
androidx.compose.runtime:runtime-annotation-macosarm64:1.12.0-rc01=macosArm64CompileKlibraries,macosArm64TestCompileKlibraries
androidx.compose.runtime:runtime-annotation:1.12.0-rc01=androidCompileClasspath,androidHostTestCompileClasspath,androidHostTestRuntimeClasspath,androidRuntimeClasspath,iosArm64CompileKlibraries,iosArm64TestCompileKlibraries,iosSimulatorArm64CompileKlibraries,iosSimulatorArm64TestCompileKlibraries,jvmCompileClasspath,jvmRuntimeClasspath,jvmTestCompileClasspath,jvmTestRuntimeClasspath,macosArm64CompileKlibraries,macosArm64TestCompileKlibraries,metadataCommonMainCompileClasspath
androidx.compose.runtime:runtime-desktop:1.12.0-rc01=jvmCompileClasspath,jvmRuntimeClasspath,jvmTestCompileClasspath,jvmTestRuntimeClasspath
androidx.compose.runtime:runtime-iosarm64:1.12.0-rc01=iosArm64CompileKlibraries,iosArm64TestCompileKlibraries
androidx.compose.runtime:runtime-iossimulatorarm64:1.12.0-rc01=iosSimulatorArm64CompileKlibraries,iosSimulatorArm64TestCompileKlibraries
androidx.compose.runtime:runtime-macosarm64:1.12.0-rc01=macosArm64CompileKlibraries,macosArm64TestCompileKlibraries
androidx.compose.runtime:runtime:1.12.0-rc01=androidCompileClasspath,androidHostTestCompileClasspath,androidHostTestRuntimeClasspath,androidRuntimeClasspath,iosArm64CompileKlibraries,iosArm64TestCompileKlibraries,iosSimulatorArm64CompileKlibraries,iosSimulatorArm64TestCompileKlibraries,jvmCompileClasspath,jvmRuntimeClasspath,jvmTestCompileClasspath,jvmTestRuntimeClasspath,macosArm64CompileKlibraries,macosArm64TestCompileKlibraries,metadataCommonMainCompileClasspath
androidx.concurrent:concurrent-futures-ktx:1.2.0=androidHostTestCompileClasspath,androidHostTestRuntimeClasspath
androidx.concurrent:concurrent-futures:1.2.0=androidHostTestCompileClasspath,androidHostTestRuntimeClasspath
androidx.core:core-ktx:1.7.0=androidHostTestRuntimeClasspath
androidx.core:core:1.3.2=androidHostTestCompileClasspath
androidx.core:core:1.7.0=androidHostTestRuntimeClasspath
androidx.customview:customview:1.0.0=androidHostTestCompileClasspath,androidHostTestRuntimeClasspath
androidx.datastore:datastore-android:1.2.1=androidCompileClasspath,androidHostTestCompileClasspath,androidHostTestRuntimeClasspath,androidRuntimeClasspath
androidx.datastore:datastore-core-android:1.2.1=androidCompileClasspath,androidHostTestCompileClasspath,androidHostTestRuntimeClasspath,androidRuntimeClasspath
androidx.datastore:datastore-core-iosarm64:1.2.1=iosArm64CompileKlibraries,iosArm64TestCompileKlibraries
androidx.datastore:datastore-core-iossimulatorarm64:1.2.1=iosSimulatorArm64CompileKlibraries,iosSimulatorArm64TestCompileKlibraries
androidx.datastore:datastore-core-jvm:1.2.1=jvmCompileClasspath,jvmRuntimeClasspath,jvmTestCompileClasspath,jvmTestRuntimeClasspath
androidx.datastore:datastore-core-macosarm64:1.2.1=macosArm64CompileKlibraries,macosArm64TestCompileKlibraries
androidx.datastore:datastore-core-okio-iosarm64:1.2.1=iosArm64CompileKlibraries,iosArm64TestCompileKlibraries
androidx.datastore:datastore-core-okio-iossimulatorarm64:1.2.1=iosSimulatorArm64CompileKlibraries,iosSimulatorArm64TestCompileKlibraries
androidx.datastore:datastore-core-okio-jvm:1.2.1=androidCompileClasspath,androidHostTestCompileClasspath,androidHostTestRuntimeClasspath,androidRuntimeClasspath,jvmCompileClasspath,jvmRuntimeClasspath,jvmTestCompileClasspath,jvmTestRuntimeClasspath
androidx.datastore:datastore-core-okio-macosarm64:1.2.1=macosArm64CompileKlibraries,macosArm64TestCompileKlibraries
androidx.datastore:datastore-core-okio:1.2.1=androidCompileClasspath,androidHostTestCompileClasspath,androidHostTestRuntimeClasspath,androidRuntimeClasspath,iosArm64CompileKlibraries,iosArm64TestCompileKlibraries,iosSimulatorArm64CompileKlibraries,iosSimulatorArm64TestCompileKlibraries,jvmCompileClasspath,jvmRuntimeClasspath,jvmTestCompileClasspath,jvmTestRuntimeClasspath,macosArm64CompileKlibraries,macosArm64TestCompileKlibraries,metadataCommonMainCompileClasspath
androidx.datastore:datastore-core:1.2.1=androidCompileClasspath,androidHostTestCompileClasspath,androidHostTestRuntimeClasspath,androidRuntimeClasspath,iosArm64CompileKlibraries,iosArm64TestCompileKlibraries,iosSimulatorArm64CompileKlibraries,iosSimulatorArm64TestCompileKlibraries,jvmCompileClasspath,jvmRuntimeClasspath,jvmTestCompileClasspath,jvmTestRuntimeClasspath,macosArm64CompileKlibraries,macosArm64TestCompileKlibraries,metadataCommonMainCompileClasspath
androidx.datastore:datastore-iosarm64:1.2.1=iosArm64CompileKlibraries,iosArm64TestCompileKlibraries
androidx.datastore:datastore-iossimulatorarm64:1.2.1=iosSimulatorArm64CompileKlibraries,iosSimulatorArm64TestCompileKlibraries
androidx.datastore:datastore-jvm:1.2.1=jvmCompileClasspath,jvmRuntimeClasspath,jvmTestCompileClasspath,jvmTestRuntimeClasspath
androidx.datastore:datastore-macosarm64:1.2.1=macosArm64CompileKlibraries,macosArm64TestCompileKlibraries
androidx.datastore:datastore-preferences-android:1.2.1=androidCompileClasspath,androidHostTestCompileClasspath,androidHostTestRuntimeClasspath,androidRuntimeClasspath
androidx.datastore:datastore-preferences-core-android:1.2.1=androidCompileClasspath,androidHostTestCompileClasspath,androidHostTestRuntimeClasspath,androidRuntimeClasspath
androidx.datastore:datastore-preferences-core-iosarm64:1.2.1=iosArm64CompileKlibraries,iosArm64TestCompileKlibraries
androidx.datastore:datastore-preferences-core-iossimulatorarm64:1.2.1=iosSimulatorArm64CompileKlibraries,iosSimulatorArm64TestCompileKlibraries
androidx.datastore:datastore-preferences-core-jvm:1.2.1=jvmCompileClasspath,jvmRuntimeClasspath,jvmTestCompileClasspath,jvmTestRuntimeClasspath
androidx.datastore:datastore-preferences-core-macosarm64:1.2.1=macosArm64CompileKlibraries,macosArm64TestCompileKlibraries
androidx.datastore:datastore-preferences-core:1.2.1=androidCompileClasspath,androidHostTestCompileClasspath,androidHostTestRuntimeClasspath,androidRuntimeClasspath,iosArm64CompileKlibraries,iosArm64TestCompileKlibraries,iosSimulatorArm64CompileKlibraries,iosSimulatorArm64TestCompileKlibraries,jvmCompileClasspath,jvmRuntimeClasspath,jvmTestCompileClasspath,jvmTestRuntimeClasspath,macosArm64CompileKlibraries,macosArm64TestCompileKlibraries,metadataCommonMainCompileClasspath
androidx.datastore:datastore-preferences-external-protobuf:1.2.1=androidHostTestRuntimeClasspath,androidRuntimeClasspath,jvmRuntimeClasspath,jvmTestRuntimeClasspath
androidx.datastore:datastore-preferences-iosarm64:1.2.1=iosArm64CompileKlibraries,iosArm64TestCompileKlibraries
androidx.datastore:datastore-preferences-iossimulatorarm64:1.2.1=iosSimulatorArm64CompileKlibraries,iosSimulatorArm64TestCompileKlibraries
androidx.datastore:datastore-preferences-jvm:1.2.1=jvmCompileClasspath,jvmRuntimeClasspath,jvmTestCompileClasspath,jvmTestRuntimeClasspath
androidx.datastore:datastore-preferences-macosarm64:1.2.1=macosArm64CompileKlibraries,macosArm64TestCompileKlibraries
androidx.datastore:datastore-preferences-proto:1.2.1=androidHostTestRuntimeClasspath,androidRuntimeClasspath,jvmRuntimeClasspath,jvmTestRuntimeClasspath
androidx.datastore:datastore-preferences:1.2.1=androidCompileClasspath,androidHostTestCompileClasspath,androidHostTestRuntimeClasspath,androidRuntimeClasspath,iosArm64CompileKlibraries,iosArm64TestCompileKlibraries,iosSimulatorArm64CompileKlibraries,iosSimulatorArm64TestCompileKlibraries,jvmCompileClasspath,jvmRuntimeClasspath,jvmTestCompileClasspath,jvmTestRuntimeClasspath,macosArm64CompileKlibraries,macosArm64TestCompileKlibraries,metadataCommonMainCompileClasspath
androidx.datastore:datastore:1.2.1=androidCompileClasspath,androidHostTestCompileClasspath,androidHostTestRuntimeClasspath,androidRuntimeClasspath,iosArm64CompileKlibraries,iosArm64TestCompileKlibraries,iosSimulatorArm64CompileKlibraries,iosSimulatorArm64TestCompileKlibraries,jvmCompileClasspath,jvmRuntimeClasspath,jvmTestCompileClasspath,jvmTestRuntimeClasspath,macosArm64CompileKlibraries,macosArm64TestCompileKlibraries,metadataCommonMainCompileClasspath
androidx.lifecycle:lifecycle-common-jvm:2.8.3=androidHostTestCompileClasspath,androidHostTestRuntimeClasspath
androidx.lifecycle:lifecycle-common:2.8.3=androidHostTestCompileClasspath,androidHostTestRuntimeClasspath
androidx.lifecycle:lifecycle-livedata-core-ktx:2.8.3=androidHostTestCompileClasspath,androidHostTestRuntimeClasspath
androidx.lifecycle:lifecycle-livedata-core:2.8.3=androidHostTestCompileClasspath,androidHostTestRuntimeClasspath
androidx.lifecycle:lifecycle-livedata-ktx:2.8.3=androidHostTestCompileClasspath,androidHostTestRuntimeClasspath
androidx.lifecycle:lifecycle-livedata:2.8.3=androidHostTestCompileClasspath,androidHostTestRuntimeClasspath
androidx.lifecycle:lifecycle-runtime-android:2.8.3=androidHostTestCompileClasspath,androidHostTestRuntimeClasspath
androidx.lifecycle:lifecycle-runtime-ktx-android:2.8.3=androidHostTestCompileClasspath,androidHostTestRuntimeClasspath
androidx.lifecycle:lifecycle-runtime-ktx:2.8.3=androidHostTestCompileClasspath,androidHostTestRuntimeClasspath
androidx.lifecycle:lifecycle-runtime:2.8.3=androidHostTestCompileClasspath,androidHostTestRuntimeClasspath
androidx.lifecycle:lifecycle-viewmodel-android:2.8.3=androidHostTestCompileClasspath,androidHostTestRuntimeClasspath
androidx.lifecycle:lifecycle-viewmodel-ktx:2.8.3=androidHostTestCompileClasspath,androidHostTestRuntimeClasspath
androidx.lifecycle:lifecycle-viewmodel:2.8.3=androidHostTestCompileClasspath,androidHostTestRuntimeClasspath
androidx.paging:paging-common-android:3.5.0=androidCompileClasspath,androidHostTestCompileClasspath,androidHostTestRuntimeClasspath,androidRuntimeClasspath
androidx.paging:paging-common-desktop:3.5.0=jvmCompileClasspath,jvmRuntimeClasspath,jvmTestCompileClasspath,jvmTestRuntimeClasspath
androidx.paging:paging-common-iosarm64:3.5.0=iosArm64CompileKlibraries,iosArm64TestCompileKlibraries
androidx.paging:paging-common-iossimulatorarm64:3.5.0=iosSimulatorArm64CompileKlibraries,iosSimulatorArm64TestCompileKlibraries
androidx.paging:paging-common-ktx:3.5.0=androidHostTestCompileClasspath,androidHostTestRuntimeClasspath
androidx.paging:paging-common-macosarm64:3.5.0=macosArm64CompileKlibraries,macosArm64TestCompileKlibraries
androidx.paging:paging-common:3.5.0=androidCompileClasspath,androidHostTestCompileClasspath,androidHostTestRuntimeClasspath,androidRuntimeClasspath,iosArm64CompileKlibraries,iosArm64TestCompileKlibraries,iosSimulatorArm64CompileKlibraries,iosSimulatorArm64TestCompileKlibraries,jvmCompileClasspath,jvmRuntimeClasspath,jvmTestCompileClasspath,jvmTestRuntimeClasspath,macosArm64CompileKlibraries,macosArm64TestCompileKlibraries,metadataCommonMainCompileClasspath
androidx.paging:paging-runtime:3.5.0=androidHostTestCompileClasspath,androidHostTestRuntimeClasspath
androidx.paging:paging-testing-android:3.5.0=androidHostTestCompileClasspath,androidHostTestRuntimeClasspath
androidx.paging:paging-testing:3.5.0=androidHostTestCompileClasspath,androidHostTestRuntimeClasspath
androidx.profileinstaller:profileinstaller:1.3.1=androidHostTestRuntimeClasspath
androidx.recyclerview:recyclerview:1.2.1=androidHostTestCompileClasspath,androidHostTestRuntimeClasspath
androidx.room:room-common-iosarm64:2.8.4=iosArm64CompileKlibraries,iosArm64TestCompileKlibraries
androidx.room:room-common-iossimulatorarm64:2.8.4=iosSimulatorArm64CompileKlibraries,iosSimulatorArm64TestCompileKlibraries
androidx.room:room-common-jvm:2.8.4=androidCompileClasspath,androidHostTestCompileClasspath,androidHostTestRuntimeClasspath,androidRuntimeClasspath,jvmCompileClasspath,jvmRuntimeClasspath,jvmTestCompileClasspath,jvmTestRuntimeClasspath
androidx.room:room-common-macosarm64:2.8.4=macosArm64CompileKlibraries,macosArm64TestCompileKlibraries
androidx.room:room-common:2.8.4=androidCompileClasspath,androidHostTestCompileClasspath,androidHostTestRuntimeClasspath,androidRuntimeClasspath,iosArm64CompileKlibraries,iosArm64TestCompileKlibraries,iosSimulatorArm64CompileKlibraries,iosSimulatorArm64TestCompileKlibraries,jvmCompileClasspath,jvmRuntimeClasspath,jvmTestCompileClasspath,jvmTestRuntimeClasspath,macosArm64CompileKlibraries,macosArm64TestCompileKlibraries,metadataCommonMainCompileClasspath
androidx.room:room-migration-jvm:2.8.4=androidHostTestRuntimeClasspath
androidx.room:room-migration:2.8.4=androidHostTestRuntimeClasspath
androidx.room:room-paging-android:2.8.4=androidCompileClasspath,androidHostTestCompileClasspath,androidHostTestRuntimeClasspath,androidRuntimeClasspath
androidx.room:room-paging-iosarm64:2.8.4=iosArm64CompileKlibraries,iosArm64TestCompileKlibraries
androidx.room:room-paging-iossimulatorarm64:2.8.4=iosSimulatorArm64CompileKlibraries,iosSimulatorArm64TestCompileKlibraries
androidx.room:room-paging-jvm:2.8.4=jvmCompileClasspath,jvmRuntimeClasspath,jvmTestCompileClasspath,jvmTestRuntimeClasspath
androidx.room:room-paging-macosarm64:2.8.4=macosArm64CompileKlibraries,macosArm64TestCompileKlibraries
androidx.room:room-paging:2.8.4=androidCompileClasspath,androidHostTestCompileClasspath,androidHostTestRuntimeClasspath,androidRuntimeClasspath,iosArm64CompileKlibraries,iosArm64TestCompileKlibraries,iosSimulatorArm64CompileKlibraries,iosSimulatorArm64TestCompileKlibraries,jvmCompileClasspath,jvmRuntimeClasspath,jvmTestCompileClasspath,jvmTestRuntimeClasspath,macosArm64CompileKlibraries,macosArm64TestCompileKlibraries,metadataCommonMainCompileClasspath
androidx.room:room-runtime-android:2.8.4=androidCompileClasspath,androidHostTestCompileClasspath,androidHostTestRuntimeClasspath,androidRuntimeClasspath
androidx.room:room-runtime-iosarm64:2.8.4=iosArm64CompileKlibraries,iosArm64TestCompileKlibraries
androidx.room:room-runtime-iossimulatorarm64:2.8.4=iosSimulatorArm64CompileKlibraries,iosSimulatorArm64TestCompileKlibraries
androidx.room:room-runtime-jvm:2.8.4=jvmCompileClasspath,jvmRuntimeClasspath,jvmTestCompileClasspath,jvmTestRuntimeClasspath
androidx.room:room-runtime-macosarm64:2.8.4=macosArm64CompileKlibraries,macosArm64TestCompileKlibraries
androidx.room:room-runtime:2.8.4=androidCompileClasspath,androidHostTestCompileClasspath,androidHostTestRuntimeClasspath,androidRuntimeClasspath,iosArm64CompileKlibraries,iosArm64TestCompileKlibraries,iosSimulatorArm64CompileKlibraries,iosSimulatorArm64TestCompileKlibraries,jvmCompileClasspath,jvmRuntimeClasspath,jvmTestCompileClasspath,jvmTestRuntimeClasspath,macosArm64CompileKlibraries,macosArm64TestCompileKlibraries,metadataCommonMainCompileClasspath
androidx.room:room-testing-android:2.8.4=androidHostTestCompileClasspath,androidHostTestRuntimeClasspath
androidx.room:room-testing:2.8.4=androidHostTestCompileClasspath,androidHostTestRuntimeClasspath
androidx.sqlite:sqlite-android:2.6.2=androidCompileClasspath,androidHostTestCompileClasspath,androidHostTestRuntimeClasspath,androidRuntimeClasspath
androidx.sqlite:sqlite-bundled-iosarm64:2.6.2=iosArm64CompileKlibraries,iosArm64TestCompileKlibraries
androidx.sqlite:sqlite-bundled-iossimulatorarm64:2.6.2=iosSimulatorArm64CompileKlibraries,iosSimulatorArm64TestCompileKlibraries
androidx.sqlite:sqlite-bundled-macosarm64:2.6.2=macosArm64CompileKlibraries,macosArm64TestCompileKlibraries
androidx.sqlite:sqlite-bundled:2.6.2=iosArm64CompileKlibraries,iosArm64TestCompileKlibraries,iosSimulatorArm64CompileKlibraries,iosSimulatorArm64TestCompileKlibraries,macosArm64CompileKlibraries,macosArm64TestCompileKlibraries
androidx.sqlite:sqlite-framework-android:2.6.2=androidCompileClasspath,androidHostTestCompileClasspath,androidHostTestRuntimeClasspath,androidRuntimeClasspath
androidx.sqlite:sqlite-framework-iosarm64:2.6.2=iosArm64CompileKlibraries,iosArm64TestCompileKlibraries
androidx.sqlite:sqlite-framework-iossimulatorarm64:2.6.2=iosSimulatorArm64CompileKlibraries,iosSimulatorArm64TestCompileKlibraries
androidx.sqlite:sqlite-framework-macosarm64:2.6.2=macosArm64CompileKlibraries,macosArm64TestCompileKlibraries
androidx.sqlite:sqlite-framework:2.6.2=androidCompileClasspath,androidHostTestCompileClasspath,androidHostTestRuntimeClasspath,androidRuntimeClasspath,iosArm64CompileKlibraries,iosArm64TestCompileKlibraries,iosSimulatorArm64CompileKlibraries,iosSimulatorArm64TestCompileKlibraries,macosArm64CompileKlibraries,macosArm64TestCompileKlibraries,metadataCommonMainCompileClasspath
androidx.sqlite:sqlite-iosarm64:2.6.2=iosArm64CompileKlibraries,iosArm64TestCompileKlibraries
androidx.sqlite:sqlite-iossimulatorarm64:2.6.2=iosSimulatorArm64CompileKlibraries,iosSimulatorArm64TestCompileKlibraries
androidx.sqlite:sqlite-jvm:2.6.2=jvmCompileClasspath,jvmRuntimeClasspath,jvmTestCompileClasspath,jvmTestRuntimeClasspath
androidx.sqlite:sqlite-macosarm64:2.6.2=macosArm64CompileKlibraries,macosArm64TestCompileKlibraries
androidx.sqlite:sqlite:2.6.2=androidCompileClasspath,androidHostTestCompileClasspath,androidHostTestRuntimeClasspath,androidRuntimeClasspath,iosArm64CompileKlibraries,iosArm64TestCompileKlibraries,iosSimulatorArm64CompileKlibraries,iosSimulatorArm64TestCompileKlibraries,jvmCompileClasspath,jvmRuntimeClasspath,jvmTestCompileClasspath,jvmTestRuntimeClasspath,macosArm64CompileKlibraries,macosArm64TestCompileKlibraries,metadataCommonMainCompileClasspath
androidx.startup:startup-runtime:1.2.0=androidHostTestRuntimeClasspath,androidRuntimeClasspath
androidx.test.espresso:espresso-idling-resource:3.7.0=androidHostTestRuntimeClasspath
androidx.test.ext:junit:1.3.0=androidHostTestCompileClasspath,androidHostTestRuntimeClasspath
androidx.test.services:storage:1.6.0=androidHostTestCompileClasspath,androidHostTestRuntimeClasspath
androidx.test:core:1.7.0=androidHostTestCompileClasspath,androidHostTestRuntimeClasspath
androidx.test:monitor:1.8.0=androidHostTestCompileClasspath,androidHostTestRuntimeClasspath
androidx.tracing:tracing:1.0.0=androidRuntimeClasspath
androidx.tracing:tracing:1.1.0=androidHostTestCompileClasspath,androidHostTestRuntimeClasspath
androidx.versionedparcelable:versionedparcelable:1.1.0=androidHostTestCompileClasspath
androidx.versionedparcelable:versionedparcelable:1.1.1=androidHostTestRuntimeClasspath
co.touchlab:stately-concurrency-iosarm64:2.1.0=iosArm64CompileKlibraries,iosArm64TestCompileKlibraries
co.touchlab:stately-concurrency-iossimulatorarm64:2.1.0=iosSimulatorArm64CompileKlibraries,iosSimulatorArm64TestCompileKlibraries
co.touchlab:stately-concurrency-jvm:2.1.0=androidCompileClasspath,androidHostTestCompileClasspath,androidHostTestRuntimeClasspath,androidRuntimeClasspath,jvmCompileClasspath,jvmRuntimeClasspath,jvmTestCompileClasspath,jvmTestRuntimeClasspath
co.touchlab:stately-concurrency-macosarm64:2.1.0=macosArm64CompileKlibraries,macosArm64TestCompileKlibraries
co.touchlab:stately-concurrency:2.1.0=androidCompileClasspath,androidHostTestCompileClasspath,androidHostTestRuntimeClasspath,androidRuntimeClasspath,iosArm64CompileKlibraries,iosArm64TestCompileKlibraries,iosSimulatorArm64CompileKlibraries,iosSimulatorArm64TestCompileKlibraries,jvmCompileClasspath,jvmRuntimeClasspath,jvmTestCompileClasspath,jvmTestRuntimeClasspath,macosArm64CompileKlibraries,macosArm64TestCompileKlibraries,metadataCommonMainCompileClasspath
co.touchlab:stately-strict-iosarm64:2.1.0=iosArm64CompileKlibraries,iosArm64TestCompileKlibraries
co.touchlab:stately-strict-iossimulatorarm64:2.1.0=iosSimulatorArm64CompileKlibraries,iosSimulatorArm64TestCompileKlibraries
co.touchlab:stately-strict-jvm:2.1.0=androidHostTestRuntimeClasspath,androidRuntimeClasspath,jvmRuntimeClasspath,jvmTestRuntimeClasspath
co.touchlab:stately-strict-macosarm64:2.1.0=macosArm64CompileKlibraries,macosArm64TestCompileKlibraries
co.touchlab:stately-strict:2.1.0=androidHostTestRuntimeClasspath,androidRuntimeClasspath,iosArm64CompileKlibraries,iosArm64TestCompileKlibraries,iosSimulatorArm64CompileKlibraries,iosSimulatorArm64TestCompileKlibraries,jvmRuntimeClasspath,jvmTestRuntimeClasspath,macosArm64CompileKlibraries,macosArm64TestCompileKlibraries,metadataCommonMainCompileClasspath
com.almworks.sqlite4java:sqlite4java:1.0.392=androidHostTestCompileClasspath,androidHostTestRuntimeClasspath
com.fleeksoft.charset:charset-android:0.0.8=androidCompileClasspath,androidHostTestCompileClasspath,androidHostTestRuntimeClasspath,androidRuntimeClasspath
com.fleeksoft.charset:charset-iosarm64:0.0.8=iosArm64CompileKlibraries,iosArm64TestCompileKlibraries
com.fleeksoft.charset:charset-iossimulatorarm64:0.0.8=iosSimulatorArm64CompileKlibraries,iosSimulatorArm64TestCompileKlibraries
com.fleeksoft.charset:charset-jvm:0.0.8=jvmCompileClasspath,jvmRuntimeClasspath,jvmTestCompileClasspath,jvmTestRuntimeClasspath
com.fleeksoft.charset:charset-macosarm64:0.0.8=macosArm64CompileKlibraries,macosArm64TestCompileKlibraries
com.fleeksoft.charset:charset:0.0.8=androidCompileClasspath,androidHostTestCompileClasspath,androidHostTestRuntimeClasspath,androidRuntimeClasspath,iosArm64CompileKlibraries,iosArm64TestCompileKlibraries,iosSimulatorArm64CompileKlibraries,iosSimulatorArm64TestCompileKlibraries,jvmCompileClasspath,jvmRuntimeClasspath,jvmTestCompileClasspath,jvmTestRuntimeClasspath,macosArm64CompileKlibraries,macosArm64TestCompileKlibraries,metadataCommonMainCompileClasspath
com.fleeksoft.io:io-core-android:0.0.8=androidCompileClasspath,androidHostTestCompileClasspath,androidHostTestRuntimeClasspath,androidRuntimeClasspath
com.fleeksoft.io:io-core-iosarm64:0.0.8=iosArm64CompileKlibraries,iosArm64TestCompileKlibraries
com.fleeksoft.io:io-core-iossimulatorarm64:0.0.8=iosSimulatorArm64CompileKlibraries,iosSimulatorArm64TestCompileKlibraries
com.fleeksoft.io:io-core-jvm:0.0.8=jvmCompileClasspath,jvmRuntimeClasspath,jvmTestCompileClasspath,jvmTestRuntimeClasspath
com.fleeksoft.io:io-core-macosarm64:0.0.8=macosArm64CompileKlibraries,macosArm64TestCompileKlibraries
com.fleeksoft.io:io-core:0.0.8=androidCompileClasspath,androidHostTestCompileClasspath,androidHostTestRuntimeClasspath,androidRuntimeClasspath,iosArm64CompileKlibraries,iosArm64TestCompileKlibraries,iosSimulatorArm64CompileKlibraries,iosSimulatorArm64TestCompileKlibraries,jvmCompileClasspath,jvmRuntimeClasspath,jvmTestCompileClasspath,jvmTestRuntimeClasspath,macosArm64CompileKlibraries,macosArm64TestCompileKlibraries,metadataCommonMainCompileClasspath
com.fleeksoft.ksoup:ksoup-android:0.2.6=androidCompileClasspath,androidHostTestCompileClasspath,androidHostTestRuntimeClasspath,androidRuntimeClasspath
com.fleeksoft.ksoup:ksoup-iosarm64:0.2.6=iosArm64CompileKlibraries,iosArm64TestCompileKlibraries
com.fleeksoft.ksoup:ksoup-iossimulatorarm64:0.2.6=iosSimulatorArm64CompileKlibraries,iosSimulatorArm64TestCompileKlibraries
com.fleeksoft.ksoup:ksoup-jvm:0.2.6=jvmCompileClasspath,jvmRuntimeClasspath,jvmTestCompileClasspath,jvmTestRuntimeClasspath
com.fleeksoft.ksoup:ksoup-macosarm64:0.2.6=macosArm64CompileKlibraries,macosArm64TestCompileKlibraries
com.fleeksoft.ksoup:ksoup:0.2.6=androidCompileClasspath,androidHostTestCompileClasspath,androidHostTestRuntimeClasspath,androidRuntimeClasspath,iosArm64CompileKlibraries,iosArm64TestCompileKlibraries,iosSimulatorArm64CompileKlibraries,iosSimulatorArm64TestCompileKlibraries,jvmCompileClasspath,jvmRuntimeClasspath,jvmTestCompileClasspath,jvmTestRuntimeClasspath,macosArm64CompileKlibraries,macosArm64TestCompileKlibraries,metadataCommonMainCompileClasspath
com.google.auto.value:auto-value-annotations:1.11.0=androidHostTestCompileClasspath,androidHostTestRuntimeClasspath
com.google.errorprone:error_prone_annotation:2.41.0=androidHostTestRuntimeClasspath
com.google.errorprone:error_prone_annotations:2.36.0=androidHostTestCompileClasspath,androidHostTestRuntimeClasspath
com.google.guava:failureaccess:1.0.3=androidHostTestCompileClasspath,androidHostTestRuntimeClasspath
com.google.guava:guava:33.4.8-jre=androidHostTestCompileClasspath,androidHostTestRuntimeClasspath
com.google.guava:listenablefuture:9999.0-empty-to-avoid-conflict-with-guava=androidHostTestCompileClasspath,androidHostTestRuntimeClasspath
com.google.j2objc:j2objc-annotations:3.0.0=androidHostTestCompileClasspath,androidHostTestRuntimeClasspath
com.google.testparameterinjector:test-parameter-injector:1.18=androidHostTestRuntimeClasspath
com.ibm.icu:icu4j:77.1=androidHostTestCompileClasspath,androidHostTestRuntimeClasspath
com.squareup.okhttp3:okhttp-android:5.4.0=androidCompileClasspath,androidHostTestCompileClasspath,androidHostTestRuntimeClasspath,androidRuntimeClasspath
com.squareup.okhttp3:okhttp:5.4.0=androidCompileClasspath,androidHostTestCompileClasspath,androidHostTestRuntimeClasspath,androidRuntimeClasspath
com.squareup.okio:okio-iosarm64:3.9.1=iosArm64CompileKlibraries,iosArm64TestCompileKlibraries
com.squareup.okio:okio-iossimulatorarm64:3.9.1=iosSimulatorArm64CompileKlibraries,iosSimulatorArm64TestCompileKlibraries
com.squareup.okio:okio-jvm:3.17.0=androidCompileClasspath,androidHostTestCompileClasspath,androidHostTestRuntimeClasspath,androidRuntimeClasspath
com.squareup.okio:okio-jvm:3.9.1=jvmCompileClasspath,jvmRuntimeClasspath,jvmTestCompileClasspath,jvmTestRuntimeClasspath
com.squareup.okio:okio-macosarm64:3.9.1=macosArm64CompileKlibraries,macosArm64TestCompileKlibraries
com.squareup.okio:okio:3.17.0=androidCompileClasspath,androidHostTestCompileClasspath,androidHostTestRuntimeClasspath,androidRuntimeClasspath
com.squareup.okio:okio:3.9.1=iosArm64CompileKlibraries,iosArm64TestCompileKlibraries,iosSimulatorArm64CompileKlibraries,iosSimulatorArm64TestCompileKlibraries,jvmCompileClasspath,jvmRuntimeClasspath,jvmTestCompileClasspath,jvmTestRuntimeClasspath,macosArm64CompileKlibraries,macosArm64TestCompileKlibraries,metadataCommonMainCompileClasspath
javax.annotation:javax.annotation-api:1.3.2=androidHostTestCompileClasspath,androidHostTestRuntimeClasspath
javax.inject:javax.inject:1=androidHostTestCompileClasspath,androidHostTestRuntimeClasspath
junit:junit:4.13.2=androidHostTestCompileClasspath,androidHostTestRuntimeClasspath,jvmTestCompileClasspath,jvmTestRuntimeClasspath
org.bouncycastle:bcprov-jdk18on:1.81=androidHostTestCompileClasspath,androidHostTestRuntimeClasspath
org.conscrypt:conscrypt-openjdk-uber:2.5.2=androidHostTestRuntimeClasspath
org.hamcrest:hamcrest-core:1.3=androidHostTestCompileClasspath,androidHostTestRuntimeClasspath,jvmTestCompileClasspath,jvmTestRuntimeClasspath
org.jetbrains.compose.runtime:runtime-android:1.12.0-rc01=androidCompileClasspath,androidHostTestCompileClasspath,androidHostTestRuntimeClasspath,androidRuntimeClasspath
org.jetbrains.compose.runtime:runtime-desktop:1.12.0-rc01=jvmCompileClasspath,jvmRuntimeClasspath,jvmTestCompileClasspath,jvmTestRuntimeClasspath
org.jetbrains.compose.runtime:runtime-iosarm64:1.12.0-rc01=iosArm64CompileKlibraries,iosArm64TestCompileKlibraries
org.jetbrains.compose.runtime:runtime-iossimulatorarm64:1.12.0-rc01=iosSimulatorArm64CompileKlibraries,iosSimulatorArm64TestCompileKlibraries
org.jetbrains.compose.runtime:runtime-macosarm64:1.12.0-rc01=macosArm64CompileKlibraries,macosArm64TestCompileKlibraries
org.jetbrains.compose.runtime:runtime:1.12.0-rc01=androidCompileClasspath,androidHostTestCompileClasspath,androidHostTestRuntimeClasspath,androidRuntimeClasspath,iosArm64CompileKlibraries,iosArm64TestCompileKlibraries,iosSimulatorArm64CompileKlibraries,iosSimulatorArm64TestCompileKlibraries,jvmCompileClasspath,jvmRuntimeClasspath,jvmTestCompileClasspath,jvmTestRuntimeClasspath,macosArm64CompileKlibraries,macosArm64TestCompileKlibraries,metadataCommonMainCompileClasspath
org.jetbrains.kotlin:kotlin-stdlib:2.4.10=androidCompileClasspath,androidHostTestCompileClasspath,androidHostTestRuntimeClasspath,androidRuntimeClasspath,iosArm64CompileKlibraries,iosArm64TestCompileKlibraries,iosSimulatorArm64CompileKlibraries,iosSimulatorArm64TestCompileKlibraries,jvmCompileClasspath,jvmRuntimeClasspath,jvmTestCompileClasspath,jvmTestRuntimeClasspath,macosArm64CompileKlibraries,macosArm64TestCompileKlibraries,metadataCommonMainCompileClasspath
org.jetbrains.kotlin:kotlin-test-junit:2.4.10=androidHostTestCompileClasspath,androidHostTestRuntimeClasspath,jvmTestCompileClasspath,jvmTestRuntimeClasspath
org.jetbrains.kotlin:kotlin-test:2.4.10=androidHostTestCompileClasspath,androidHostTestRuntimeClasspath,iosArm64TestCompileKlibraries,iosSimulatorArm64TestCompileKlibraries,jvmTestCompileClasspath,jvmTestRuntimeClasspath,macosArm64TestCompileKlibraries
org.jetbrains.kotlinx:atomicfu-iosarm64:0.32.1=iosArm64CompileKlibraries,iosArm64TestCompileKlibraries
org.jetbrains.kotlinx:atomicfu-iossimulatorarm64:0.32.1=iosSimulatorArm64CompileKlibraries,iosSimulatorArm64TestCompileKlibraries
org.jetbrains.kotlinx:atomicfu-macosarm64:0.32.1=macosArm64CompileKlibraries,macosArm64TestCompileKlibraries
org.jetbrains.kotlinx:atomicfu:0.27.0=metadataCommonMainCompileClasspath
org.jetbrains.kotlinx:atomicfu:0.32.1=iosArm64CompileKlibraries,iosArm64TestCompileKlibraries,iosSimulatorArm64CompileKlibraries,iosSimulatorArm64TestCompileKlibraries,macosArm64CompileKlibraries,macosArm64TestCompileKlibraries
org.jetbrains.kotlinx:kotlinx-coroutines-android:1.11.0=androidCompileClasspath,androidHostTestCompileClasspath,androidHostTestRuntimeClasspath,androidRuntimeClasspath
org.jetbrains.kotlinx:kotlinx-coroutines-bom:1.11.0=androidCompileClasspath,androidHostTestCompileClasspath,androidHostTestRuntimeClasspath,androidRuntimeClasspath,jvmCompileClasspath,jvmRuntimeClasspath,jvmTestCompileClasspath,jvmTestRuntimeClasspath
org.jetbrains.kotlinx:kotlinx-coroutines-core-iosarm64:1.11.0=iosArm64CompileKlibraries,iosArm64TestCompileKlibraries
org.jetbrains.kotlinx:kotlinx-coroutines-core-iossimulatorarm64:1.11.0=iosSimulatorArm64CompileKlibraries,iosSimulatorArm64TestCompileKlibraries
org.jetbrains.kotlinx:kotlinx-coroutines-core-jvm:1.11.0=androidCompileClasspath,androidHostTestCompileClasspath,androidHostTestRuntimeClasspath,androidRuntimeClasspath,jvmCompileClasspath,jvmRuntimeClasspath,jvmTestCompileClasspath,jvmTestRuntimeClasspath
org.jetbrains.kotlinx:kotlinx-coroutines-core-macosarm64:1.11.0=macosArm64CompileKlibraries,macosArm64TestCompileKlibraries
org.jetbrains.kotlinx:kotlinx-coroutines-core:1.11.0=androidCompileClasspath,androidHostTestCompileClasspath,androidHostTestRuntimeClasspath,androidRuntimeClasspath,iosArm64CompileKlibraries,iosArm64TestCompileKlibraries,iosSimulatorArm64CompileKlibraries,iosSimulatorArm64TestCompileKlibraries,jvmCompileClasspath,jvmRuntimeClasspath,jvmTestCompileClasspath,jvmTestRuntimeClasspath,macosArm64CompileKlibraries,macosArm64TestCompileKlibraries,metadataCommonMainCompileClasspath
org.jetbrains.kotlinx:kotlinx-coroutines-test-iosarm64:1.11.0=iosArm64TestCompileKlibraries
org.jetbrains.kotlinx:kotlinx-coroutines-test-iossimulatorarm64:1.11.0=iosSimulatorArm64TestCompileKlibraries
org.jetbrains.kotlinx:kotlinx-coroutines-test-jvm:1.11.0=androidHostTestCompileClasspath,androidHostTestRuntimeClasspath,jvmTestCompileClasspath,jvmTestRuntimeClasspath
org.jetbrains.kotlinx:kotlinx-coroutines-test-macosarm64:1.11.0=macosArm64TestCompileKlibraries
org.jetbrains.kotlinx:kotlinx-coroutines-test:1.11.0=androidHostTestCompileClasspath,androidHostTestRuntimeClasspath,iosArm64TestCompileKlibraries,iosSimulatorArm64TestCompileKlibraries,jvmTestCompileClasspath,jvmTestRuntimeClasspath,macosArm64TestCompileKlibraries
org.jetbrains.kotlinx:kotlinx-datetime-iosarm64:0.8.0=iosArm64CompileKlibraries,iosArm64TestCompileKlibraries
org.jetbrains.kotlinx:kotlinx-datetime-iossimulatorarm64:0.8.0=iosSimulatorArm64CompileKlibraries,iosSimulatorArm64TestCompileKlibraries
org.jetbrains.kotlinx:kotlinx-datetime-jvm:0.8.0=androidCompileClasspath,androidHostTestCompileClasspath,androidHostTestRuntimeClasspath,androidRuntimeClasspath,jvmCompileClasspath,jvmRuntimeClasspath,jvmTestCompileClasspath,jvmTestRuntimeClasspath
org.jetbrains.kotlinx:kotlinx-datetime-macosarm64:0.8.0=macosArm64CompileKlibraries,macosArm64TestCompileKlibraries
org.jetbrains.kotlinx:kotlinx-datetime:0.8.0=androidCompileClasspath,androidHostTestCompileClasspath,androidHostTestRuntimeClasspath,androidRuntimeClasspath,iosArm64CompileKlibraries,iosArm64TestCompileKlibraries,iosSimulatorArm64CompileKlibraries,iosSimulatorArm64TestCompileKlibraries,jvmCompileClasspath,jvmRuntimeClasspath,jvmTestCompileClasspath,jvmTestRuntimeClasspath,macosArm64CompileKlibraries,macosArm64TestCompileKlibraries,metadataCommonMainCompileClasspath
org.jetbrains.kotlinx:kotlinx-serialization-bom:1.11.0=androidCompileClasspath,androidHostTestCompileClasspath,androidHostTestRuntimeClasspath,androidRuntimeClasspath,jvmCompileClasspath,jvmRuntimeClasspath,jvmTestCompileClasspath,jvmTestRuntimeClasspath
org.jetbrains.kotlinx:kotlinx-serialization-core-iosarm64:1.11.0=iosArm64CompileKlibraries,iosArm64TestCompileKlibraries
org.jetbrains.kotlinx:kotlinx-serialization-core-iossimulatorarm64:1.11.0=iosSimulatorArm64CompileKlibraries,iosSimulatorArm64TestCompileKlibraries
org.jetbrains.kotlinx:kotlinx-serialization-core-jvm:1.11.0=androidCompileClasspath,androidHostTestCompileClasspath,androidHostTestRuntimeClasspath,androidRuntimeClasspath,jvmCompileClasspath,jvmRuntimeClasspath,jvmTestCompileClasspath,jvmTestRuntimeClasspath
org.jetbrains.kotlinx:kotlinx-serialization-core-macosarm64:1.11.0=macosArm64CompileKlibraries,macosArm64TestCompileKlibraries
org.jetbrains.kotlinx:kotlinx-serialization-core:1.11.0=androidCompileClasspath,androidHostTestCompileClasspath,androidHostTestRuntimeClasspath,androidRuntimeClasspath,iosArm64CompileKlibraries,iosArm64TestCompileKlibraries,iosSimulatorArm64CompileKlibraries,iosSimulatorArm64TestCompileKlibraries,jvmCompileClasspath,jvmRuntimeClasspath,jvmTestCompileClasspath,jvmTestRuntimeClasspath,macosArm64CompileKlibraries,macosArm64TestCompileKlibraries,metadataCommonMainCompileClasspath
org.jetbrains.kotlinx:kotlinx-serialization-json-iosarm64:1.11.0=iosArm64CompileKlibraries,iosArm64TestCompileKlibraries
org.jetbrains.kotlinx:kotlinx-serialization-json-iossimulatorarm64:1.11.0=iosSimulatorArm64CompileKlibraries,iosSimulatorArm64TestCompileKlibraries
org.jetbrains.kotlinx:kotlinx-serialization-json-jvm:1.11.0=androidCompileClasspath,androidHostTestCompileClasspath,androidHostTestRuntimeClasspath,androidRuntimeClasspath,jvmCompileClasspath,jvmRuntimeClasspath,jvmTestCompileClasspath,jvmTestRuntimeClasspath
org.jetbrains.kotlinx:kotlinx-serialization-json-macosarm64:1.11.0=macosArm64CompileKlibraries,macosArm64TestCompileKlibraries
org.jetbrains.kotlinx:kotlinx-serialization-json:1.11.0=androidCompileClasspath,androidHostTestCompileClasspath,androidHostTestRuntimeClasspath,androidRuntimeClasspath,iosArm64CompileKlibraries,iosArm64TestCompileKlibraries,iosSimulatorArm64CompileKlibraries,iosSimulatorArm64TestCompileKlibraries,jvmCompileClasspath,jvmRuntimeClasspath,jvmTestCompileClasspath,jvmTestRuntimeClasspath,macosArm64CompileKlibraries,macosArm64TestCompileKlibraries,metadataCommonMainCompileClasspath
org.jetbrains.kotlinx:kotlinx-serialization-protobuf-iosarm64:1.7.3=iosArm64CompileKlibraries,iosArm64TestCompileKlibraries
org.jetbrains.kotlinx:kotlinx-serialization-protobuf-iossimulatorarm64:1.7.3=iosSimulatorArm64CompileKlibraries,iosSimulatorArm64TestCompileKlibraries
org.jetbrains.kotlinx:kotlinx-serialization-protobuf-macosarm64:1.7.3=macosArm64CompileKlibraries,macosArm64TestCompileKlibraries
org.jetbrains.kotlinx:kotlinx-serialization-protobuf:1.7.3=iosArm64CompileKlibraries,iosArm64TestCompileKlibraries,iosSimulatorArm64CompileKlibraries,iosSimulatorArm64TestCompileKlibraries,macosArm64CompileKlibraries,macosArm64TestCompileKlibraries,metadataCommonMainCompileClasspath
org.jetbrains:annotations:23.0.0=androidCompileClasspath,androidHostTestCompileClasspath,androidHostTestRuntimeClasspath,androidRuntimeClasspath,jvmCompileClasspath,jvmRuntimeClasspath,jvmTestCompileClasspath,jvmTestRuntimeClasspath
org.jspecify:jspecify:1.0.0=androidCompileClasspath,androidHostTestCompileClasspath,androidHostTestRuntimeClasspath,androidRuntimeClasspath
org.ow2.asm:asm-commons:9.8=androidHostTestCompileClasspath,androidHostTestRuntimeClasspath
org.ow2.asm:asm-tree:9.8=androidHostTestCompileClasspath,androidHostTestRuntimeClasspath
org.ow2.asm:asm:9.8=androidHostTestCompileClasspath,androidHostTestRuntimeClasspath
org.robolectric:annotations:4.16.1=androidHostTestCompileClasspath,androidHostTestRuntimeClasspath
org.robolectric:junit:4.16.1=androidHostTestCompileClasspath,androidHostTestRuntimeClasspath
org.robolectric:nativeruntime-dist-compat:1.0.18=androidHostTestRuntimeClasspath
org.robolectric:nativeruntime:4.16.1=androidHostTestCompileClasspath,androidHostTestRuntimeClasspath
org.robolectric:pluginapi:4.16.1=androidHostTestCompileClasspath,androidHostTestRuntimeClasspath
org.robolectric:plugins-maven-dependency-resolver:4.16.1=androidHostTestCompileClasspath,androidHostTestRuntimeClasspath
org.robolectric:resources:4.16.1=androidHostTestCompileClasspath,androidHostTestRuntimeClasspath
org.robolectric:robolectric:4.16.1=androidHostTestCompileClasspath,androidHostTestRuntimeClasspath
org.robolectric:sandbox:4.16.1=androidHostTestCompileClasspath,androidHostTestRuntimeClasspath
org.robolectric:shadowapi:4.16.1=androidHostTestCompileClasspath,androidHostTestRuntimeClasspath
org.robolectric:shadows-framework:4.16.1=androidHostTestCompileClasspath,androidHostTestRuntimeClasspath
org.robolectric:utils-reflector:4.16.1=androidHostTestCompileClasspath,androidHostTestRuntimeClasspath
org.robolectric:utils:4.16.1=androidHostTestCompileClasspath,androidHostTestRuntimeClasspath
org.yaml:snakeyaml:2.4=androidHostTestRuntimeClasspath
empty=
